
Microsoft Visual Studio Solution File, Format Version 12.00
# Visual Studio 14
VisualStudioVersion = 14.0.25420.1
MinimumVisualStudioVersion = 10.0.40219.1
Project("{8BC9CEB8-8B4A-11D0-8D11-00A0C91BC942}") = "Framework2017Ver2", "..\..\Framework2017ver2\Framework2017Ver2.vcxproj", "{0BD19263-3452-4219-AF86-DB8B26E4EE02}"
EndProject
Project("{8BC9CEB8-8B4A-11D0-8D11-00A0C91BC942}") = "AceCommon", "AceCommon\AceCommon.vcxproj", "{05398435-0DB2-4938-8464-8CC567ABBB40}"
EndProject
Project("{8BC9CEB8-8B4A-11D0-8D11-00A0C91BC942}") = "AceEditor", "AceEditor\AceEditor.vcxproj", "{5F0AE5D1-B242-42D7-AAC5-E4C6146154ED}"
EndProject
Project("{8BC9CEB8-8B4A-11D0-8D11-00A0C91BC942}") = "RockServer", "RockServer\RockServer.vcxproj", "{CBF0F342-9508-415F-92A6-844DED55C781}"
EndProject
Project("{8BC9CEB8-8B4A-11D0-8D11-00A0C91BC942}") = "RockCommon", "RockCommon\RockCommon.vcxproj", "{8952960E-64A2-407E-9ED9-004D9A7D129B}"
EndProject
Project("{8BC9CEB8-8B4A-11D0-8D11-00A0C91BC942}") = "AceLive", "AceLiveMonitor\AceLiveMonitor.vcxproj", "{E22E8A51-C7C0-4AFC-8A9E-53E3BD2D8DD1}"
EndProject
Project("{8BC9CEB8-8B4A-11D0-8D11-00A0C91BC942}") = "RockClientTest", "RockClientTest\RockClientTest.vcxproj", "{91502850-339B-4C9C-974D-1E35DF1709A1}"
EndProject
Project("{8BC9CEB8-8B4A-11D0-8D11-00A0C91BC942}") = "RockClientStreet", "RockMapStreet\RockMapStreet.vcxproj", "{79CC6E31-2E6C-4EAD-A3E5-8AB8AF0F8510}"
EndProject
Project("{8BC9CEB8-8B4A-11D0-8D11-00A0C91BC942}") = "AceConsole", "AceConsole\AceConsole.vcxproj", "{649BAF2F-A51B-4943-8A6F-3ED5C13CD02B}"
EndProject
Project("{8BC9CEB8-8B4A-11D0-8D11-00A0C91BC942}") = "AceConsoleTarosuke", "AceConsoleTarosuke\AceConsoleTarosuke.vcxproj", "{8AFAE547-70B5-4013-963A-A5D0D30FEC8A}"
EndProject
Project("{8BC9CEB8-8B4A-11D0-8D11-00A0C91BC942}") = "AceConsoleTarojiro", "AceConsoleTarojiro\AceConsoleTarojiro.vcxproj", "{7859560D-24C7-419C-9546-528CB21E718F}"
EndProject
Project("{8BC9CEB8-8B4A-11D0-8D11-00A0C91BC942}") = "AceConsoleGarisuke", "AceConsoleGarisuke\AceConsoleGarisuke.vcxproj", "{C0C558E9-8E05-49A5-B00B-88B232EF9BF9}"
EndProject
Project("{8BC9CEB8-8B4A-11D0-8D11-00A0C91BC942}") = "AceConsoleTaromi", "AceConsoleTaromi\AceConsoleTaromi.vcxproj", "{4A10C06C-55A8-4D77-B7DE-B4EA7105DA9D}"
EndProject
Global
	GlobalSection(SolutionConfigurationPlatforms) = preSolution
		Debug|x64 = Debug|x64
		Debug|x86 = Debug|x86
		Release|x64 = Release|x64
		Release|x86 = Release|x86
	EndGlobalSection
	GlobalSection(ProjectConfigurationPlatforms) = postSolution
		{0BD19263-3452-4219-AF86-DB8B26E4EE02}.Debug|x64.ActiveCfg = Debug|x64
		{0BD19263-3452-4219-AF86-DB8B26E4EE02}.Debug|x64.Build.0 = Debug|x64
		{0BD19263-3452-4219-AF86-DB8B26E4EE02}.Debug|x86.ActiveCfg = Debug|Win32
		{0BD19263-3452-4219-AF86-DB8B26E4EE02}.Debug|x86.Build.0 = Debug|Win32
		{0BD19263-3452-4219-AF86-DB8B26E4EE02}.Release|x64.ActiveCfg = Release|x64
		{0BD19263-3452-4219-AF86-DB8B26E4EE02}.Release|x64.Build.0 = Release|x64
		{0BD19263-3452-4219-AF86-DB8B26E4EE02}.Release|x86.ActiveCfg = Release|Win32
		{0BD19263-3452-4219-AF86-DB8B26E4EE02}.Release|x86.Build.0 = Release|Win32
		{05398435-0DB2-4938-8464-8CC567ABBB40}.Debug|x64.ActiveCfg = Debug|x64
		{05398435-0DB2-4938-8464-8CC567ABBB40}.Debug|x64.Build.0 = Debug|x64
		{05398435-0DB2-4938-8464-8CC567ABBB40}.Debug|x86.ActiveCfg = Debug|Win32
		{05398435-0DB2-4938-8464-8CC567ABBB40}.Debug|x86.Build.0 = Debug|Win32
		{05398435-0DB2-4938-8464-8CC567ABBB40}.Release|x64.ActiveCfg = Release|x64
		{05398435-0DB2-4938-8464-8CC567ABBB40}.Release|x64.Build.0 = Release|x64
		{05398435-0DB2-4938-8464-8CC567ABBB40}.Release|x86.ActiveCfg = Release|Win32
		{05398435-0DB2-4938-8464-8CC567ABBB40}.Release|x86.Build.0 = Release|Win32
		{5F0AE5D1-B242-42D7-AAC5-E4C6146154ED}.Debug|x64.ActiveCfg = Debug|x64
		{5F0AE5D1-B242-42D7-AAC5-E4C6146154ED}.Debug|x64.Build.0 = Debug|x64
		{5F0AE5D1-B242-42D7-AAC5-E4C6146154ED}.Debug|x86.ActiveCfg = Debug|Win32
		{5F0AE5D1-B242-42D7-AAC5-E4C6146154ED}.Debug|x86.Build.0 = Debug|Win32
		{5F0AE5D1-B242-42D7-AAC5-E4C6146154ED}.Release|x64.ActiveCfg = Release|x64
		{5F0AE5D1-B242-42D7-AAC5-E4C6146154ED}.Release|x64.Build.0 = Release|x64
		{5F0AE5D1-B242-42D7-AAC5-E4C6146154ED}.Release|x86.ActiveCfg = Release|Win32
		{5F0AE5D1-B242-42D7-AAC5-E4C6146154ED}.Release|x86.Build.0 = Release|Win32
		{CBF0F342-9508-415F-92A6-844DED55C781}.Debug|x64.ActiveCfg = Debug|x64
		{CBF0F342-9508-415F-92A6-844DED55C781}.Debug|x64.Build.0 = Debug|x64
		{CBF0F342-9508-415F-92A6-844DED55C781}.Debug|x86.ActiveCfg = Debug|Win32
		{CBF0F342-9508-415F-92A6-844DED55C781}.Debug|x86.Build.0 = Debug|Win32
		{CBF0F342-9508-415F-92A6-844DED55C781}.Release|x64.ActiveCfg = Release|x64
		{CBF0F342-9508-415F-92A6-844DED55C781}.Release|x64.Build.0 = Release|x64
		{CBF0F342-9508-415F-92A6-844DED55C781}.Release|x86.ActiveCfg = Release|Win32
		{CBF0F342-9508-415F-92A6-844DED55C781}.Release|x86.Build.0 = Release|Win32
		{8952960E-64A2-407E-9ED9-004D9A7D129B}.Debug|x64.ActiveCfg = Debug|x64
		{8952960E-64A2-407E-9ED9-004D9A7D129B}.Debug|x64.Build.0 = Debug|x64
		{8952960E-64A2-407E-9ED9-004D9A7D129B}.Debug|x86.ActiveCfg = Debug|Win32
		{8952960E-64A2-407E-9ED9-004D9A7D129B}.Debug|x86.Build.0 = Debug|Win32
		{8952960E-64A2-407E-9ED9-004D9A7D129B}.Release|x64.ActiveCfg = Release|x64
		{8952960E-64A2-407E-9ED9-004D9A7D129B}.Release|x64.Build.0 = Release|x64
		{8952960E-64A2-407E-9ED9-004D9A7D129B}.Release|x86.ActiveCfg = Release|Win32
		{8952960E-64A2-407E-9ED9-004D9A7D129B}.Release|x86.Build.0 = Release|Win32
		{E22E8A51-C7C0-4AFC-8A9E-53E3BD2D8DD1}.Debug|x64.ActiveCfg = Debug|x64
		{E22E8A51-C7C0-4AFC-8A9E-53E3BD2D8DD1}.Debug|x64.Build.0 = Debug|x64
		{E22E8A51-C7C0-4AFC-8A9E-53E3BD2D8DD1}.Debug|x86.ActiveCfg = Debug|Win32
		{E22E8A51-C7C0-4AFC-8A9E-53E3BD2D8DD1}.Debug|x86.Build.0 = Debug|Win32
		{E22E8A51-C7C0-4AFC-8A9E-53E3BD2D8DD1}.Release|x64.ActiveCfg = Release|x64
		{E22E8A51-C7C0-4AFC-8A9E-53E3BD2D8DD1}.Release|x64.Build.0 = Release|x64
		{E22E8A51-C7C0-4AFC-8A9E-53E3BD2D8DD1}.Release|x86.ActiveCfg = Release|Win32
		{E22E8A51-C7C0-4AFC-8A9E-53E3BD2D8DD1}.Release|x86.Build.0 = Release|Win32
		{91502850-339B-4C9C-974D-1E35DF1709A1}.Debug|x64.ActiveCfg = Debug|x64
		{91502850-339B-4C9C-974D-1E35DF1709A1}.Debug|x64.Build.0 = Debug|x64
		{91502850-339B-4C9C-974D-1E35DF1709A1}.Debug|x86.ActiveCfg = Debug|Win32
		{91502850-339B-4C9C-974D-1E35DF1709A1}.Debug|x86.Build.0 = Debug|Win32
		{91502850-339B-4C9C-974D-1E35DF1709A1}.Release|x64.ActiveCfg = Release|x64
		{91502850-339B-4C9C-974D-1E35DF1709A1}.Release|x64.Build.0 = Release|x64
		{91502850-339B-4C9C-974D-1E35DF1709A1}.Release|x86.ActiveCfg = Release|Win32
		{91502850-339B-4C9C-974D-1E35DF1709A1}.Release|x86.Build.0 = Release|Win32
		{79CC6E31-2E6C-4EAD-A3E5-8AB8AF0F8510}.Debug|x64.ActiveCfg = Debug|x64
		{79CC6E31-2E6C-4EAD-A3E5-8AB8AF0F8510}.Debug|x64.Build.0 = Debug|x64
		{79CC6E31-2E6C-4EAD-A3E5-8AB8AF0F8510}.Debug|x86.ActiveCfg = Debug|Win32
		{79CC6E31-2E6C-4EAD-A3E5-8AB8AF0F8510}.Debug|x86.Build.0 = Debug|Win32
		{79CC6E31-2E6C-4EAD-A3E5-8AB8AF0F8510}.Release|x64.ActiveCfg = Release|x64
		{79CC6E31-2E6C-4EAD-A3E5-8AB8AF0F8510}.Release|x64.Build.0 = Release|x64
		{79CC6E31-2E6C-4EAD-A3E5-8AB8AF0F8510}.Release|x86.ActiveCfg = Release|Win32
		{79CC6E31-2E6C-4EAD-A3E5-8AB8AF0F8510}.Release|x86.Build.0 = Release|Win32
		{649BAF2F-A51B-4943-8A6F-3ED5C13CD02B}.Debug|x64.ActiveCfg = Debug|x64
		{649BAF2F-A51B-4943-8A6F-3ED5C13CD02B}.Debug|x64.Build.0 = Debug|x64
		{649BAF2F-A51B-4943-8A6F-3ED5C13CD02B}.Debug|x86.ActiveCfg = Debug|Win32
		{649BAF2F-A51B-4943-8A6F-3ED5C13CD02B}.Debug|x86.Build.0 = Debug|Win32
		{649BAF2F-A51B-4943-8A6F-3ED5C13CD02B}.Release|x64.ActiveCfg = Release|x64
		{649BAF2F-A51B-4943-8A6F-3ED5C13CD02B}.Release|x64.Build.0 = Release|x64
		{649BAF2F-A51B-4943-8A6F-3ED5C13CD02B}.Release|x86.ActiveCfg = Release|Win32
		{649BAF2F-A51B-4943-8A6F-3ED5C13CD02B}.Release|x86.Build.0 = Release|Win32
		{8AFAE547-70B5-4013-963A-A5D0D30FEC8A}.Debug|x64.ActiveCfg = Debug|x64
		{8AFAE547-70B5-4013-963A-A5D0D30FEC8A}.Debug|x64.Build.0 = Debug|x64
		{8AFAE547-70B5-4013-963A-A5D0D30FEC8A}.Debug|x86.ActiveCfg = Debug|Win32
		{8AFAE547-70B5-4013-963A-A5D0D30FEC8A}.Debug|x86.Build.0 = Debug|Win32
		{8AFAE547-70B5-4013-963A-A5D0D30FEC8A}.Release|x64.ActiveCfg = Release|x64
		{8AFAE547-70B5-4013-963A-A5D0D30FEC8A}.Release|x64.Build.0 = Release|x64
		{8AFAE547-70B5-4013-963A-A5D0D30FEC8A}.Release|x86.ActiveCfg = Release|Win32
		{8AFAE547-70B5-4013-963A-A5D0D30FEC8A}.Release|x86.Build.0 = Release|Win32
		{7859560D-24C7-419C-9546-528CB21E718F}.Debug|x64.ActiveCfg = Debug|x64
		{7859560D-24C7-419C-9546-528CB21E718F}.Debug|x64.Build.0 = Debug|x64
		{7859560D-24C7-419C-9546-528CB21E718F}.Debug|x86.ActiveCfg = Debug|Win32
		{7859560D-24C7-419C-9546-528CB21E718F}.Debug|x86.Build.0 = Debug|Win32
		{7859560D-24C7-419C-9546-528CB21E718F}.Release|x64.ActiveCfg = Release|x64
		{7859560D-24C7-419C-9546-528CB21E718F}.Release|x64.Build.0 = Release|x64
		{7859560D-24C7-419C-9546-528CB21E718F}.Release|x86.ActiveCfg = Release|Win32
		{7859560D-24C7-419C-9546-528CB21E718F}.Release|x86.Build.0 = Release|Win32
		{C0C558E9-8E05-49A5-B00B-88B232EF9BF9}.Debug|x64.ActiveCfg = Debug|x64
		{C0C558E9-8E05-49A5-B00B-88B232EF9BF9}.Debug|x64.Build.0 = Debug|x64
		{C0C558E9-8E05-49A5-B00B-88B232EF9BF9}.Debug|x86.ActiveCfg = Debug|Win32
		{C0C558E9-8E05-49A5-B00B-88B232EF9BF9}.Debug|x86.Build.0 = Debug|Win32
		{C0C558E9-8E05-49A5-B00B-88B232EF9BF9}.Release|x64.ActiveCfg = Release|x64
		{C0C558E9-8E05-49A5-B00B-88B232EF9BF9}.Release|x64.Build.0 = Release|x64
		{C0C558E9-8E05-49A5-B00B-88B232EF9BF9}.Release|x86.ActiveCfg = Release|Win32
		{C0C558E9-8E05-49A5-B00B-88B232EF9BF9}.Release|x86.Build.0 = Release|Win32
		{4A10C06C-55A8-4D77-B7DE-B4EA7105DA9D}.Debug|x64.ActiveCfg = Debug|x64
		{4A10C06C-55A8-4D77-B7DE-B4EA7105DA9D}.Debug|x64.Build.0 = Debug|x64
		{4A10C06C-55A8-4D77-B7DE-B4EA7105DA9D}.Debug|x86.ActiveCfg = Debug|Win32
		{4A10C06C-55A8-4D77-B7DE-B4EA7105DA9D}.Debug|x86.Build.0 = Debug|Win32
		{4A10C06C-55A8-4D77-B7DE-B4EA7105DA9D}.Release|x64.ActiveCfg = Release|x64
		{4A10C06C-55A8-4D77-B7DE-B4EA7105DA9D}.Release|x64.Build.0 = Release|x64
		{4A10C06C-55A8-4D77-B7DE-B4EA7105DA9D}.Release|x86.ActiveCfg = Release|Win32
		{4A10C06C-55A8-4D77-B7DE-B4EA7105DA9D}.Release|x86.Build.0 = Release|Win32
	EndGlobalSection
	GlobalSection(SolutionProperties) = preSolution
		HideSolutionNode = FALSE
	EndGlobalSection
EndGlobal
