
Microsoft Visual Studio Solution File, Format Version 12.00
# Visual Studio 14
VisualStudioVersion = 14.0.25420.1
MinimumVisualStudioVersion = 10.0.40219.1
Project("{8BC9CEB8-8B4A-11D0-8D11-00A0C91BC942}") = "Framework2017Ver2", "..\..\Framework2017ver2\Framework2017Ver2.vcxproj", "{0BD19263-3452-4219-AF86-DB8B26E4EE02}"
EndProject
Project("{8BC9CEB8-8B4A-11D0-8D11-00A0C91BC942}") = "AceCommon", "AceCommon\AceCommon.vcxproj", "{05398435-0DB2-4938-8464-8CC567ABBB40}"
EndProject
Project("{8BC9CEB8-8B4A-11D0-8D11-00A0C91BC942}") = "AceEditor", "AceEditor\AceEditor.vcxproj", "{5F0AE5D1-B242-42D7-AAC5-E4C6146154ED}"
EndProject
Project("{8BC9CEB8-8B4A-11D0-8D11-00A0C91BC942}") = "RockServer", "RockServer\RockServer.vcxproj", "{CBF0F342-9508-415F-92A6-844DED55C781}"
EndProject
Project("{8BC9CEB8-8B4A-11D0-8D11-00A0C91BC942}") = "RockCommon", "RockCommon\RockCommon.vcxproj", "{8952960E-64A2-407E-9ED9-004D9A7D129B}"
EndProject
Project("{8BC9CEB8-8B4A-11D0-8D11-00A0C91BC942}") = "AceLiveMonitor", "AceLiveMonitor\AceLiveMonitor.vcxproj", "{E22E8A51-C7C0-4AFC-8A9E-53E3BD2D8DD1}"
EndProject
Project("{8BC9CEB8-8B4A-11D0-8D11-00A0C91BC942}") = "RockClientTest", "RockClientTest\RockClientTest.vcxproj", "{91502850-339B-4C9C-974D-1E35DF1709A1}"
EndProject
Project("{8BC9CEB8-8B4A-11D0-8D11-00A0C91BC942}") = "RockMapStreet", "RockMapStreet\RockMapStreet.vcxproj", "{79CC6E31-2E6C-4EAD-A3E5-8AB8AF0F8510}"
EndProject
Project("{8BC9CEB8-8B4A-11D0-8D11-00A0C91BC942}") = "AceConsole", "AceConsole\AceConsole.vcxproj", "{9410F004-6B48-4706-9F36-34542851D478}"
	ProjectSection(ProjectDependencies) = postProject
		{0BD19263-3452-4219-AF86-DB8B26E4EE02} = {0BD19263-3452-4219-AF86-DB8B26E4EE02}
	EndProjectSection
EndProject
Global
	GlobalSection(SolutionConfigurationPlatforms) = preSolution
		Debug|x64 = Debug|x64
		Debug|x86 = Debug|x86
		Release|x64 = Release|x64
		Release|x86 = Release|x86
	EndGlobalSection
	GlobalSection(ProjectConfigurationPlatforms) = postSolution
		{0BD19263-3452-4219-AF86-DB8B26E4EE02}.Debug|x64.ActiveCfg = Debug|x64
		{0BD19263-3452-4219-AF86-DB8B26E4EE02}.Debug|x64.Build.0 = Debug|x64
		{0BD19263-3452-4219-AF86-DB8B26E4EE02}.Debug|x86.ActiveCfg = Debug|Win32
		{0BD19263-3452-4219-AF86-DB8B26E4EE02}.Debug|x86.Build.0 = Debug|Win32
		{0BD19263-3452-4219-AF86-DB8B26E4EE02}.Release|x64.ActiveCfg = Release|x64
		{0BD19263-3452-4219-AF86-DB8B26E4EE02}.Release|x64.Build.0 = Release|x64
		{0BD19263-3452-4219-AF86-DB8B26E4EE02}.Release|x86.ActiveCfg = Release|Win32
		{0BD19263-3452-4219-AF86-DB8B26E4EE02}.Release|x86.Build.0 = Release|Win32
		{05398435-0DB2-4938-8464-8CC567ABBB40}.Debug|x64.ActiveCfg = Debug|x64
		{05398435-0DB2-4938-8464-8CC567ABBB40}.Debug|x64.Build.0 = Debug|x64
		{05398435-0DB2-4938-8464-8CC567ABBB40}.Debug|x86.ActiveCfg = Debug|Win32
		{05398435-0DB2-4938-8464-8CC567ABBB40}.Debug|x86.Build.0 = Debug|Win32
		{05398435-0DB2-4938-8464-8CC567ABBB40}.Release|x64.ActiveCfg = Release|x64
		{05398435-0DB2-4938-8464-8CC567ABBB40}.Release|x64.Build.0 = Release|x64
		{05398435-0DB2-4938-8464-8CC567ABBB40}.Release|x86.ActiveCfg = Release|Win32
		{05398435-0DB2-4938-8464-8CC567ABBB40}.Release|x86.Build.0 = Release|Win32
		{5F0AE5D1-B242-42D7-AAC5-E4C6146154ED}.Debug|x64.ActiveCfg = Debug|x64
		{5F0AE5D1-B242-42D7-AAC5-E4C6146154ED}.Debug|x64.Build.0 = Debug|x64
		{5F0AE5D1-B242-42D7-AAC5-E4C6146154ED}.Debug|x86.ActiveCfg = Debug|Win32
		{5F0AE5D1-B242-42D7-AAC5-E4C6146154ED}.Debug|x86.Build.0 = Debug|Win32
		{5F0AE5D1-B242-42D7-AAC5-E4C6146154ED}.Release|x64.ActiveCfg = Release|x64
		{5F0AE5D1-B242-42D7-AAC5-E4C6146154ED}.Release|x64.Build.0 = Release|x64
		{5F0AE5D1-B242-42D7-AAC5-E4C6146154ED}.Release|x86.ActiveCfg = Release|Win32
		{5F0AE5D1-B242-42D7-AAC5-E4C6146154ED}.Release|x86.Build.0 = Release|Win32
		{CBF0F342-9508-415F-92A6-844DED55C781}.Debug|x64.ActiveCfg = Debug|x64
		{CBF0F342-9508-415F-92A6-844DED55C781}.Debug|x64.Build.0 = Debug|x64
		{CBF0F342-9508-415F-92A6-844DED55C781}.Debug|x86.ActiveCfg = Debug|Win32
		{CBF0F342-9508-415F-92A6-844DED55C781}.Debug|x86.Build.0 = Debug|Win32
		{CBF0F342-9508-415F-92A6-844DED55C781}.Release|x64.ActiveCfg = Release|x64
		{CBF0F342-9508-415F-92A6-844DED55C781}.Release|x64.Build.0 = Release|x64
		{CBF0F342-9508-415F-92A6-844DED55C781}.Release|x86.ActiveCfg = Release|Win32
		{CBF0F342-9508-415F-92A6-844DED55C781}.Release|x86.Build.0 = Release|Win32
		{8952960E-64A2-407E-9ED9-004D9A7D129B}.Debug|x64.ActiveCfg = Debug|x64
		{8952960E-64A2-407E-9ED9-004D9A7D129B}.Debug|x64.Build.0 = Debug|x64
		{8952960E-64A2-407E-9ED9-004D9A7D129B}.Debug|x86.ActiveCfg = Debug|Win32
		{8952960E-64A2-407E-9ED9-004D9A7D129B}.Debug|x86.Build.0 = Debug|Win32
		{8952960E-64A2-407E-9ED9-004D9A7D129B}.Release|x64.ActiveCfg = Release|x64
		{8952960E-64A2-407E-9ED9-004D9A7D129B}.Release|x64.Build.0 = Release|x64
		{8952960E-64A2-407E-9ED9-004D9A7D129B}.Release|x86.ActiveCfg = Release|Win32
		{8952960E-64A2-407E-9ED9-004D9A7D129B}.Release|x86.Build.0 = Release|Win32
		{E22E8A51-C7C0-4AFC-8A9E-53E3BD2D8DD1}.Debug|x64.ActiveCfg = Debug|x64
		{E22E8A51-C7C0-4AFC-8A9E-53E3BD2D8DD1}.Debug|x64.Build.0 = Debug|x64
		{E22E8A51-C7C0-4AFC-8A9E-53E3BD2D8DD1}.Debug|x86.ActiveCfg = Debug|Win32
		{E22E8A51-C7C0-4AFC-8A9E-53E3BD2D8DD1}.Debug|x86.Build.0 = Debug|Win32
		{E22E8A51-C7C0-4AFC-8A9E-53E3BD2D8DD1}.Release|x64.ActiveCfg = Release|x64
		{E22E8A51-C7C0-4AFC-8A9E-53E3BD2D8DD1}.Release|x64.Build.0 = Release|x64
		{E22E8A51-C7C0-4AFC-8A9E-53E3BD2D8DD1}.Release|x86.ActiveCfg = Release|Win32
		{E22E8A51-C7C0-4AFC-8A9E-53E3BD2D8DD1}.Release|x86.Build.0 = Release|Win32
		{91502850-339B-4C9C-974D-1E35DF1709A1}.Debug|x64.ActiveCfg = Debug|x64
		{91502850-339B-4C9C-974D-1E35DF1709A1}.Debug|x64.Build.0 = Debug|x64
		{91502850-339B-4C9C-974D-1E35DF1709A1}.Debug|x86.ActiveCfg = Debug|Win32
		{91502850-339B-4C9C-974D-1E35DF1709A1}.Debug|x86.Build.0 = Debug|Win32
		{91502850-339B-4C9C-974D-1E35DF1709A1}.Release|x64.ActiveCfg = Release|x64
		{91502850-339B-4C9C-974D-1E35DF1709A1}.Release|x64.Build.0 = Release|x64
		{91502850-339B-4C9C-974D-1E35DF1709A1}.Release|x86.ActiveCfg = Release|Win32
		{91502850-339B-4C9C-974D-1E35DF1709A1}.Release|x86.Build.0 = Release|Win32
		{79CC6E31-2E6C-4EAD-A3E5-8AB8AF0F8510}.Debug|x64.ActiveCfg = Debug|x64
		{79CC6E31-2E6C-4EAD-A3E5-8AB8AF0F8510}.Debug|x64.Build.0 = Debug|x64
		{79CC6E31-2E6C-4EAD-A3E5-8AB8AF0F8510}.Debug|x86.ActiveCfg = Debug|Win32
		{79CC6E31-2E6C-4EAD-A3E5-8AB8AF0F8510}.Debug|x86.Build.0 = Debug|Win32
		{79CC6E31-2E6C-4EAD-A3E5-8AB8AF0F8510}.Release|x64.ActiveCfg = Release|x64
		{79CC6E31-2E6C-4EAD-A3E5-8AB8AF0F8510}.Release|x64.Build.0 = Release|x64
		{79CC6E31-2E6C-4EAD-A3E5-8AB8AF0F8510}.Release|x86.ActiveCfg = Release|Win32
		{79CC6E31-2E6C-4EAD-A3E5-8AB8AF0F8510}.Release|x86.Build.0 = Release|Win32
		{9410F004-6B48-4706-9F36-34542851D478}.Debug|x64.ActiveCfg = Debug|x64
		{9410F004-6B48-4706-9F36-34542851D478}.Debug|x64.Build.0 = Debug|x64
		{9410F004-6B48-4706-9F36-34542851D478}.Debug|x86.ActiveCfg = Debug|Win32
		{9410F004-6B48-4706-9F36-34542851D478}.Debug|x86.Build.0 = Debug|Win32
		{9410F004-6B48-4706-9F36-34542851D478}.Release|x64.ActiveCfg = Release|x64
		{9410F004-6B48-4706-9F36-34542851D478}.Release|x64.Build.0 = Release|x64
		{9410F004-6B48-4706-9F36-34542851D478}.Release|x86.ActiveCfg = Release|Win32
		{9410F004-6B48-4706-9F36-34542851D478}.Release|x86.Build.0 = Release|Win32
	EndGlobalSection
	GlobalSection(SolutionProperties) = preSolution
		HideSolutionNode = FALSE
	EndGlobalSection
EndGlobal
