<?xml version="1.0" encoding="utf-8"?>
<Project ToolsVersion="4.0" xmlns="http://schemas.microsoft.com/developer/msbuild/2003">
  <ItemGroup>
    <ClCompile Include="ChipMenu.cpp" />
    <ClCompile Include="Data.cpp" />
    <ClCompile Include="Editor.cpp" />
    <ClCompile Include="Exporter.cpp" />
    <ClCompile Include="Information.cpp" />
    <ClCompile Include="ObjectCursor.cpp" />
    <ClCompile Include="ObjectGuide.cpp" />
    <ClCompile Include="ObjectMenu.cpp" />
    <ClCompile Include="ChipCursor.cpp" />
    <ClCompile Include="ChipEditor.cpp" />
    <ClCompile Include="ChipGuide.cpp" />
    <ClCompile Include="main.cpp" />
    <ClCompile Include="Ground.cpp" />
    <ClCompile Include="Structure.cpp" />
    <ClCompile Include="ChipPreview.cpp" />
    <ClCompile Include="ObjectPreview.cpp" />
    <ClCompile Include="ObjectEditor.cpp" />
  </ItemGroup>
  <ItemGroup>
    <ClInclude Include="ChipMenu.h" />
    <ClInclude Include="Data.h" />
    <ClInclude Include="Editor.h" />
    <ClInclude Include="Exporter.h" />
    <ClInclude Include="Information.h" />
    <ClInclude Include="ObjectCursor.h" />
    <ClInclude Include="ObjectGuide.h" />
    <ClInclude Include="ObjectMenu.h" />
    <ClInclude Include="ChipCursor.h" />
    <ClInclude Include="ChipEditor.h" />
    <ClInclude Include="ChipGuide.h" />
    <ClInclude Include="Ground.h" />
    <ClInclude Include="Structure.h" />
    <ClInclude Include="ChipPreview.h" />
    <ClInclude Include="ObjectPreview.h" />
    <ClInclude Include="ObjectEditor.h" />
  </ItemGroup>
</Project>