<?xml version="1.0" encoding="utf-8"?>
<Project ToolsVersion="4.0" xmlns="http://schemas.microsoft.com/developer/msbuild/2003">
  <ItemGroup>
    <ClCompile Include="main.cpp" />
    <ClCompile Include="Command.cpp" />
    <ClCompile Include="Log.cpp" />
    <ClCompile Include="StatusSender.cpp" />
    <ClCompile Include="TableDrawer.cpp" />
    <ClCompile Include="MessageReceiver.cpp" />
  </ItemGroup>
  <ItemGroup>
    <ClInclude Include="Command.h" />
    <ClInclude Include="Log.h" />
    <ClInclude Include="StatusSender.h" />
    <ClInclude Include="TableDrawer.h" />
    <ClInclude Include="MessageReceiver.h" />
  </ItemGroup>
</Project>