<?xml version="1.0" encoding="utf-8"?>
<Project ToolsVersion="4.0" xmlns="http://schemas.microsoft.com/developer/msbuild/2003">
  <ItemGroup>
    <ClCompile Include="main.cpp" />
    <ClCompile Include="RockMapStreetCamera.cpp" />
    <ClCompile Include="RockMapStreet.cpp" />
    <ClCompile Include="RockMapStreetDrawer.cpp" />
  </ItemGroup>
  <ItemGroup>
    <ClInclude Include="RockMapStreetCamera.h" />
    <ClInclude Include="RockMapStreet.h" />
    <ClInclude Include="RockMapStreetDrawer.h" />
  </ItemGroup>
</Project>