<?xml version="1.0" encoding="utf-8"?>
<Project ToolsVersion="4.0" xmlns="http://schemas.microsoft.com/developer/msbuild/2003">
  <ItemGroup>
    <ClCompile Include="MessageSender.cpp" />
    <ClCompile Include="RockAlter.cpp" />
    <ClCompile Include="RockCamera.cpp" />
    <ClCompile Include="RockCharacter.cpp" />
    <ClCompile Include="RockClientInfo.cpp" />
    <ClCompile Include="RockDollHouse.cpp" />
    <ClCompile Include="RockImpact.cpp" />
    <ClCompile Include="RockCasket.cpp" />
    <ClCompile Include="RockMap.cpp" />
    <ClCompile Include="RockPop.cpp" />
    <ClCompile Include="RockStudio.cpp" />
    <ClCompile Include="RockTheater.cpp" />
    <ClCompile Include="RockViewer.cpp" />
    <ClCompile Include="RockPopItem.cpp" />
    <ClCompile Include="RockItem.cpp">
      <Filter>Item</Filter>
    </ClCompile>
    <ClCompile Include="RockItemBubble.cpp">
      <Filter>Item</Filter>
    </ClCompile>
    <ClCompile Include="RockItemDango.cpp">
      <Filter>Item</Filter>
    </ClCompile>
    <ClCompile Include="RockItemMoney.cpp">
      <Filter>Item</Filter>
    </ClCompile>
    <ClCompile Include="RockItemRock.cpp">
      <Filter>Item</Filter>
    </ClCompile>
    <ClCompile Include="RockItemToku.cpp">
      <Filter>Item</Filter>
    </ClCompile>
    <ClCompile Include="RockEnemy.cpp">
      <Filter>Enemy</Filter>
    </ClCompile>
    <ClCompile Include="RockEnemyBossRock.cpp">
      <Filter>Enemy</Filter>
    </ClCompile>
    <ClCompile Include="RockEnemyCloud.cpp">
      <Filter>Enemy</Filter>
    </ClCompile>
    <ClCompile Include="RockEnemyFaceAndHand.cpp">
      <Filter>Enemy</Filter>
    </ClCompile>
    <ClCompile Include="RockEnemyGhost.cpp">
      <Filter>Enemy</Filter>
    </ClCompile>
    <ClCompile Include="RockEnemyRedBard.cpp">
      <Filter>Enemy</Filter>
    </ClCompile>
    <ClCompile Include="RockEnemyWaterGhost.cpp">
      <Filter>Enemy</Filter>
    </ClCompile>
    <ClCompile Include="RockMilitary.cpp">
      <Filter>Enemy</Filter>
    </ClCompile>
    <ClCompile Include="RockStorage.cpp">
      <Filter>Item</Filter>
    </ClCompile>
    <ClCompile Include="RockEnemyBoss.cpp">
      <Filter>Enemy</Filter>
    </ClCompile>
    <ClCompile Include="RockEnemyBossTree.cpp">
      <Filter>Enemy</Filter>
    </ClCompile>
    <ClCompile Include="RockItemFire.cpp">
      <Filter>Item</Filter>
    </ClCompile>
    <ClCompile Include="RockItemTree.cpp">
      <Filter>Item</Filter>
    </ClCompile>
    <ClCompile Include="RockEnemyBossFire.cpp">
      <Filter>Enemy</Filter>
    </ClCompile>
    <ClCompile Include="RockEnemyBat.cpp">
      <Filter>Enemy</Filter>
    </ClCompile>
    <ClCompile Include="RockEnemyKimono.cpp">
      <Filter>Enemy</Filter>
    </ClCompile>
    <ClCompile Include="RockShot.cpp">
      <Filter>Shot</Filter>
    </ClCompile>
    <ClCompile Include="RockShotAncestors.cpp">
      <Filter>Shot</Filter>
    </ClCompile>
    <ClCompile Include="RockShotPlayer.cpp">
      <Filter>Shot</Filter>
    </ClCompile>
    <ClCompile Include="RockArmoury.cpp">
      <Filter>Shot</Filter>
    </ClCompile>
    <ClCompile Include="RockFamily.cpp">
      <Filter>Player</Filter>
    </ClCompile>
    <ClCompile Include="RockPlayer.cpp">
      <Filter>Player</Filter>
    </ClCompile>
    <ClCompile Include="RockOffice.cpp">
      <Filter>Event</Filter>
    </ClCompile>
    <ClCompile Include="RockEventCharacter.cpp">
      <Filter>Event</Filter>
    </ClCompile>
    <ClCompile Include="RockShadow.cpp" />
    <ClCompile Include="RockAncestors.cpp">
      <Filter>Player</Filter>
    </ClCompile>
    <ClCompile Include="RockItemEnhancePower.cpp">
      <Filter>Item</Filter>
    </ClCompile>
    <ClCompile Include="RockBubble.cpp">
      <Filter>Player</Filter>
    </ClCompile>
    <ClCompile Include="RockEventMiko.cpp">
      <Filter>Event</Filter>
    </ClCompile>
    <ClCompile Include="RockEventTurtle.cpp">
      <Filter>Event</Filter>
    </ClCompile>
    <ClCompile Include="RockEventOtohime.cpp">
      <Filter>Event</Filter>
    </ClCompile>
    <ClCompile Include="RockEnemyChivil.cpp">
      <Filter>Enemy</Filter>
    </ClCompile>
    <ClCompile Include="RockEnemyLittleRedDaemon.cpp">
      <Filter>Enemy</Filter>
    </ClCompile>
    <ClCompile Include="RockEnemyMoth.cpp">
      <Filter>Enemy</Filter>
    </ClCompile>
    <ClCompile Include="RockEnemySkeleton.cpp">
      <Filter>Enemy</Filter>
    </ClCompile>
    <ClCompile Include="RockEnemySmallFrog.cpp">
      <Filter>Enemy</Filter>
    </ClCompile>
    <ClCompile Include="RockEnemyStone.cpp">
      <Filter>Enemy</Filter>
    </ClCompile>
    <ClCompile Include="RockEnemyStoneFace.cpp">
      <Filter>Enemy</Filter>
    </ClCompile>
    <ClCompile Include="RockDebug.cpp" />
    <ClCompile Include="RockEventObaba.cpp">
      <Filter>Event</Filter>
    </ClCompile>
  </ItemGroup>
  <ItemGroup>
    <ClInclude Include="define.h" />
    <ClInclude Include="Message.h" />
    <ClInclude Include="MessageSender.h" />
    <ClInclude Include="RockAlter.h" />
    <ClInclude Include="RockCamera.h" />
    <ClInclude Include="RockCharacter.h" />
    <ClInclude Include="RockClientInfo.h" />
    <ClInclude Include="RockDollHouse.h" />
    <ClInclude Include="RockImpact.h" />
    <ClInclude Include="RockCasket.h" />
    <ClInclude Include="RockMap.h" />
    <ClInclude Include="RockPop.h" />
    <ClInclude Include="RockStudio.h" />
    <ClInclude Include="RockTheater.h" />
    <ClInclude Include="RockViewer.h" />
    <ClInclude Include="Status.h" />
    <ClInclude Include="RockPopItem.h" />
    <ClInclude Include="RockItemToku.h">
      <Filter>Item</Filter>
    </ClInclude>
    <ClInclude Include="RockItem.h">
      <Filter>Item</Filter>
    </ClInclude>
    <ClInclude Include="RockItemBubble.h">
      <Filter>Item</Filter>
    </ClInclude>
    <ClInclude Include="RockItemDango.h">
      <Filter>Item</Filter>
    </ClInclude>
    <ClInclude Include="RockItemMoney.h">
      <Filter>Item</Filter>
    </ClInclude>
    <ClInclude Include="RockItemRock.h">
      <Filter>Item</Filter>
    </ClInclude>
    <ClInclude Include="RockEnemy.h">
      <Filter>Enemy</Filter>
    </ClInclude>
    <ClInclude Include="RockEnemyBossRock.h">
      <Filter>Enemy</Filter>
    </ClInclude>
    <ClInclude Include="RockEnemyCloud.h">
      <Filter>Enemy</Filter>
    </ClInclude>
    <ClInclude Include="RockEnemyFaceAndHand.h">
      <Filter>Enemy</Filter>
    </ClInclude>
    <ClInclude Include="RockEnemyGhost.h">
      <Filter>Enemy</Filter>
    </ClInclude>
    <ClInclude Include="RockEnemyRedBard.h">
      <Filter>Enemy</Filter>
    </ClInclude>
    <ClInclude Include="RockEnemyWaterGhost.h">
      <Filter>Enemy</Filter>
    </ClInclude>
    <ClInclude Include="RockMilitary.h">
      <Filter>Enemy</Filter>
    </ClInclude>
    <ClInclude Include="RockStorage.h">
      <Filter>Item</Filter>
    </ClInclude>
    <ClInclude Include="RockEnemyBoss.h">
      <Filter>Enemy</Filter>
    </ClInclude>
    <ClInclude Include="RockEnemyBossTree.h">
      <Filter>Enemy</Filter>
    </ClInclude>
    <ClInclude Include="RockItemFire.h">
      <Filter>Item</Filter>
    </ClInclude>
    <ClInclude Include="RockItemTree.h">
      <Filter>Item</Filter>
    </ClInclude>
    <ClInclude Include="RockEnemyBossFire.h">
      <Filter>Enemy</Filter>
    </ClInclude>
    <ClInclude Include="RockEnemyBat.h">
      <Filter>Enemy</Filter>
    </ClInclude>
    <ClInclude Include="RockEnemyKimono.h">
      <Filter>Enemy</Filter>
    </ClInclude>
    <ClInclude Include="RockShot.h">
      <Filter>Shot</Filter>
    </ClInclude>
    <ClInclude Include="RockShotAncestors.h">
      <Filter>Shot</Filter>
    </ClInclude>
    <ClInclude Include="RockShotPlayer.h">
      <Filter>Shot</Filter>
    </ClInclude>
    <ClInclude Include="RockArmoury.h">
      <Filter>Shot</Filter>
    </ClInclude>
    <ClInclude Include="RockFamily.h">
      <Filter>Player</Filter>
    </ClInclude>
    <ClInclude Include="RockPlayer.h">
      <Filter>Player</Filter>
    </ClInclude>
    <ClInclude Include="RockOffice.h">
      <Filter>Event</Filter>
    </ClInclude>
    <ClInclude Include="RockEventCharacter.h">
      <Filter>Event</Filter>
    </ClInclude>
    <ClInclude Include="RockShadow.h" />
    <ClInclude Include="RockAncestors.h">
      <Filter>Player</Filter>
    </ClInclude>
    <ClInclude Include="RockItemEnhancePower.h">
      <Filter>Item</Filter>
    </ClInclude>
    <ClInclude Include="RockBubble.h">
      <Filter>Player</Filter>
    </ClInclude>
    <ClInclude Include="RockEventMiko.h">
      <Filter>Event</Filter>
    </ClInclude>
    <ClInclude Include="RockEventTurtle.h">
      <Filter>Event</Filter>
    </ClInclude>
    <ClInclude Include="RockEventOtohime.h">
      <Filter>Event</Filter>
    </ClInclude>
    <ClInclude Include="RockEnemyStoneFace.h">
      <Filter>Enemy</Filter>
    </ClInclude>
    <ClInclude Include="RockEnemyChivil.h">
      <Filter>Enemy</Filter>
    </ClInclude>
    <ClInclude Include="RockEnemyLittleRedDaemon.h">
      <Filter>Enemy</Filter>
    </ClInclude>
    <ClInclude Include="RockEnemyMoth.h">
      <Filter>Enemy</Filter>
    </ClInclude>
    <ClInclude Include="RockEnemySkeleton.h">
      <Filter>Enemy</Filter>
    </ClInclude>
    <ClInclude Include="RockEnemySmallFrog.h">
      <Filter>Enemy</Filter>
    </ClInclude>
    <ClInclude Include="RockEnemyStone.h">
      <Filter>Enemy</Filter>
    </ClInclude>
    <ClInclude Include="RockDebug.h" />
    <ClInclude Include="RockEventObaba.h">
      <Filter>Event</Filter>
    </ClInclude>
  </ItemGroup>
  <ItemGroup>
    <Filter Include="Item">
      <UniqueIdentifier>{f42b1f0b-ca11-4280-8d8a-a95bdb92aa72}</UniqueIdentifier>
    </Filter>
    <Filter Include="Enemy">
      <UniqueIdentifier>{62fdcfa1-95a2-4d66-9374-da5ca2107f0e}</UniqueIdentifier>
    </Filter>
    <Filter Include="Shot">
      <UniqueIdentifier>{502d28aa-ee7f-46df-9bf6-b64f93ad243c}</UniqueIdentifier>
    </Filter>
    <Filter Include="Player">
      <UniqueIdentifier>{4ac2bb36-b4c2-4430-8ce0-44763f41e895}</UniqueIdentifier>
    </Filter>
    <Filter Include="Event">
      <UniqueIdentifier>{1040fa5f-79b8-4914-bf2f-120186d2f970}</UniqueIdentifier>
    </Filter>
  </ItemGroup>
</Project>