<?xml version="1.0" encoding="utf-8"?>
<Project ToolsVersion="4.0" xmlns="http://schemas.microsoft.com/developer/msbuild/2003">
  <ItemGroup>
    <ClCompile Include="MessageSender.cpp" />
    <ClCompile Include="RockAlter.cpp" />
    <ClCompile Include="RockAncestors.cpp" />
    <ClCompile Include="RockArmoury.cpp" />
    <ClCompile Include="RockCamera.cpp" />
    <ClCompile Include="RockCharacter.cpp" />
    <ClCompile Include="RockClientInfo.cpp" />
    <ClCompile Include="RockDollHouse.cpp" />
    <ClCompile Include="RockFamily.cpp" />
    <ClCompile Include="RockImpact.cpp" />
    <ClCompile Include="RockCasket.cpp" />
    <ClCompile Include="RockMap.cpp" />
    <ClCompile Include="RockPlayer.cpp" />
    <ClCompile Include="RockPop.cpp" />
    <ClCompile Include="RockShot.cpp" />
    <ClCompile Include="RockShotAncestors.cpp" />
    <ClCompile Include="RockShotPlayer.cpp" />
    <ClCompile Include="RockStudio.cpp" />
    <ClCompile Include="RockTheater.cpp" />
    <ClCompile Include="RockViewer.cpp" />
    <ClCompile Include="RockPopItem.cpp" />
    <ClCompile Include="RockItem.cpp">
      <Filter>Item</Filter>
    </ClCompile>
    <ClCompile Include="RockItemBubble.cpp">
      <Filter>Item</Filter>
    </ClCompile>
    <ClCompile Include="RockItemDango.cpp">
      <Filter>Item</Filter>
    </ClCompile>
    <ClCompile Include="RockItemMoney.cpp">
      <Filter>Item</Filter>
    </ClCompile>
    <ClCompile Include="RockItemRock.cpp">
      <Filter>Item</Filter>
    </ClCompile>
    <ClCompile Include="RockItemToku.cpp">
      <Filter>Item</Filter>
    </ClCompile>
    <ClCompile Include="RockEnemy.cpp">
      <Filter>Enemy</Filter>
    </ClCompile>
    <ClCompile Include="RockEnemyBossRock.cpp">
      <Filter>Enemy</Filter>
    </ClCompile>
    <ClCompile Include="RockEnemyCloud.cpp">
      <Filter>Enemy</Filter>
    </ClCompile>
    <ClCompile Include="RockEnemyFaceAndHand.cpp">
      <Filter>Enemy</Filter>
    </ClCompile>
    <ClCompile Include="RockEnemyGhost.cpp">
      <Filter>Enemy</Filter>
    </ClCompile>
    <ClCompile Include="RockEnemyRedBard.cpp">
      <Filter>Enemy</Filter>
    </ClCompile>
    <ClCompile Include="RockEnemyWaterGhost.cpp">
      <Filter>Enemy</Filter>
    </ClCompile>
    <ClCompile Include="RockBubble.cpp">
      <Filter>Item</Filter>
    </ClCompile>
    <ClCompile Include="RockMilitary.cpp">
      <Filter>Enemy</Filter>
    </ClCompile>
    <ClCompile Include="RockStorage.cpp">
      <Filter>Item</Filter>
    </ClCompile>
  </ItemGroup>
  <ItemGroup>
    <ClInclude Include="define.h" />
    <ClInclude Include="Message.h" />
    <ClInclude Include="MessageSender.h" />
    <ClInclude Include="RockAlter.h" />
    <ClInclude Include="RockAncestors.h" />
    <ClInclude Include="RockArmoury.h" />
    <ClInclude Include="RockCamera.h" />
    <ClInclude Include="RockCharacter.h" />
    <ClInclude Include="RockClientInfo.h" />
    <ClInclude Include="RockDollHouse.h" />
    <ClInclude Include="RockFamily.h" />
    <ClInclude Include="RockImpact.h" />
    <ClInclude Include="RockCasket.h" />
    <ClInclude Include="RockMap.h" />
    <ClInclude Include="RockPlayer.h" />
    <ClInclude Include="RockPop.h" />
    <ClInclude Include="RockShot.h" />
    <ClInclude Include="RockShotAncestors.h" />
    <ClInclude Include="RockShotPlayer.h" />
    <ClInclude Include="RockStudio.h" />
    <ClInclude Include="RockTheater.h" />
    <ClInclude Include="RockViewer.h" />
    <ClInclude Include="Status.h" />
    <ClInclude Include="RockPopItem.h" />
    <ClInclude Include="RockItemToku.h">
      <Filter>Item</Filter>
    </ClInclude>
    <ClInclude Include="RockItem.h">
      <Filter>Item</Filter>
    </ClInclude>
    <ClInclude Include="RockItemBubble.h">
      <Filter>Item</Filter>
    </ClInclude>
    <ClInclude Include="RockItemDango.h">
      <Filter>Item</Filter>
    </ClInclude>
    <ClInclude Include="RockItemMoney.h">
      <Filter>Item</Filter>
    </ClInclude>
    <ClInclude Include="RockItemRock.h">
      <Filter>Item</Filter>
    </ClInclude>
    <ClInclude Include="RockEnemy.h">
      <Filter>Enemy</Filter>
    </ClInclude>
    <ClInclude Include="RockEnemyBossRock.h">
      <Filter>Enemy</Filter>
    </ClInclude>
    <ClInclude Include="RockEnemyCloud.h">
      <Filter>Enemy</Filter>
    </ClInclude>
    <ClInclude Include="RockEnemyFaceAndHand.h">
      <Filter>Enemy</Filter>
    </ClInclude>
    <ClInclude Include="RockEnemyGhost.h">
      <Filter>Enemy</Filter>
    </ClInclude>
    <ClInclude Include="RockEnemyRedBard.h">
      <Filter>Enemy</Filter>
    </ClInclude>
    <ClInclude Include="RockEnemyWaterGhost.h">
      <Filter>Enemy</Filter>
    </ClInclude>
    <ClInclude Include="RockBubble.h">
      <Filter>Item</Filter>
    </ClInclude>
    <ClInclude Include="RockMilitary.h">
      <Filter>Enemy</Filter>
    </ClInclude>
    <ClInclude Include="RockStorage.h">
      <Filter>Item</Filter>
    </ClInclude>
  </ItemGroup>
  <ItemGroup>
    <Filter Include="Item">
      <UniqueIdentifier>{f42b1f0b-ca11-4280-8d8a-a95bdb92aa72}</UniqueIdentifier>
    </Filter>
    <Filter Include="Enemy">
      <UniqueIdentifier>{62fdcfa1-95a2-4d66-9374-da5ca2107f0e}</UniqueIdentifier>
    </Filter>
  </ItemGroup>
</Project>