<?xml version="1.0" encoding="utf-8"?>
<Project ToolsVersion="4.0" xmlns="http://schemas.microsoft.com/developer/msbuild/2003">
  <ItemGroup>
    <ClInclude Include="define.h" />
    <ClInclude Include="Status.h" />
    <ClInclude Include="Message.h" />
    <ClInclude Include="RockDollHouse.h" />
    <ClInclude Include="RockMap.h" />
    <ClInclude Include="RockPlayer.h" />
    <ClInclude Include="RockViewer.h" />
    <ClInclude Include="RockFamily.h" />
    <ClInclude Include="RockMilitary.h" />
    <ClInclude Include="RockCharacter.h" />
    <ClInclude Include="RockEnemy.h">
      <Filter>Enemy</Filter>
    </ClInclude>
    <ClInclude Include="RockEnemyGhost.h">
      <Filter>Enemy</Filter>
    </ClInclude>
    <ClInclude Include="RockEnemyRedBard.h">
      <Filter>Enemy</Filter>
    </ClInclude>
    <ClInclude Include="RockEnemyWaterGhost.h">
      <Filter>Enemy</Filter>
    </ClInclude>
    <ClInclude Include="RockClientInfo.h" />
    <ClInclude Include="MessageSender.h" />
    <ClInclude Include="RockArmoury.h" />
    <ClInclude Include="RockShot.h" />
    <ClInclude Include="RockPop.h" />
    <ClInclude Include="RockStorage.h" />
    <ClInclude Include="RockItem.h">
      <Filter>Item</Filter>
    </ClInclude>
    <ClInclude Include="RockImpact.h" />
    <ClInclude Include="RockItemDango.h">
      <Filter>Item</Filter>
    </ClInclude>
    <ClInclude Include="RockItemMoney.h">
      <Filter>Item</Filter>
    </ClInclude>
    <ClInclude Include="RockCamera.h" />
    <ClInclude Include="RockAlter.h" />
    <ClInclude Include="RockAncestors.h" />
    <ClInclude Include="RockCasket.h">
      <Filter>Item</Filter>
    </ClInclude>
    <ClInclude Include="RockTheater.h" />
    <ClInclude Include="RockEnemyBossRcok.h">
      <Filter>Enemy</Filter>
    </ClInclude>
    <ClInclude Include="RockItemRock.h">
      <Filter>Item</Filter>
    </ClInclude>
  </ItemGroup>
  <ItemGroup>
    <ClCompile Include="RockDollHouse.cpp" />
    <ClCompile Include="RockMap.cpp" />
    <ClCompile Include="RockViewer.cpp" />
    <ClCompile Include="RockFamily.cpp" />
    <ClCompile Include="RockPlayer.cpp" />
    <ClCompile Include="RockMilitary.cpp" />
    <ClCompile Include="RockCharacter.cpp" />
    <ClCompile Include="RockEnemy.cpp">
      <Filter>Enemy</Filter>
    </ClCompile>
    <ClCompile Include="RockEnemyGhost.cpp">
      <Filter>Enemy</Filter>
    </ClCompile>
    <ClCompile Include="RockEnemyRedBard.cpp">
      <Filter>Enemy</Filter>
    </ClCompile>
    <ClCompile Include="RockEnemyWaterGhost.cpp">
      <Filter>Enemy</Filter>
    </ClCompile>
    <ClCompile Include="RockClientInfo.cpp" />
    <ClCompile Include="MessageSender.cpp" />
    <ClCompile Include="RockArmoury.cpp" />
    <ClCompile Include="RockShot.cpp" />
    <ClCompile Include="RockPop.cpp" />
    <ClCompile Include="RockStorage.cpp" />
    <ClCompile Include="RockItem.cpp">
      <Filter>Item</Filter>
    </ClCompile>
    <ClCompile Include="RockImpact.cpp" />
    <ClCompile Include="RockItemDango.cpp">
      <Filter>Item</Filter>
    </ClCompile>
    <ClCompile Include="RockItemMoney.cpp">
      <Filter>Item</Filter>
    </ClCompile>
    <ClCompile Include="RockCamera.cpp" />
    <ClCompile Include="RockAlter.cpp" />
    <ClCompile Include="RockAncestors.cpp" />
    <ClCompile Include="RockCasket.cpp">
      <Filter>Item</Filter>
    </ClCompile>
    <ClCompile Include="RockTheater.cpp" />
    <ClCompile Include="RockEnemyBossRcok.cpp">
      <Filter>Enemy</Filter>
    </ClCompile>
    <ClCompile Include="RockItemRock.cpp">
      <Filter>Item</Filter>
    </ClCompile>
  </ItemGroup>
  <ItemGroup>
    <Filter Include="Enemy">
      <UniqueIdentifier>{798042c5-9a2c-4eb9-b79f-655988dd30a0}</UniqueIdentifier>
    </Filter>
    <Filter Include="Item">
      <UniqueIdentifier>{594e114e-192e-4280-97d9-f9da9516142a}</UniqueIdentifier>
    </Filter>
  </ItemGroup>
</Project>