<?xml version="1.0" encoding="utf-8"?>
<Project ToolsVersion="4.0" xmlns="http://schemas.microsoft.com/developer/msbuild/2003">
  <ItemGroup>
    <ClCompile Include="Character.cpp" />
    <ClCompile Include="Family.cpp" />
    <ClCompile Include="main.cpp" />
    <ClCompile Include="Military.cpp" />
    <ClCompile Include="Player.cpp" />
    <ClCompile Include="Shot.cpp" />
    <ClCompile Include="Armoury.cpp" />
    <ClCompile Include="Impact.cpp" />
    <ClCompile Include="Storage.cpp" />
    <ClCompile Include="Enemy.cpp">
      <Filter>Enemy</Filter>
    </ClCompile>
    <ClCompile Include="EnemyFaceAndHand.cpp">
      <Filter>Enemy</Filter>
    </ClCompile>
    <ClCompile Include="EnemyPurpleZombie.cpp">
      <Filter>Enemy</Filter>
    </ClCompile>
    <ClCompile Include="EnemyNoFace.cpp">
      <Filter>Enemy</Filter>
    </ClCompile>
    <ClCompile Include="EnemyLancer.cpp">
      <Filter>Enemy</Filter>
    </ClCompile>
    <ClCompile Include="EnemyCrocoSnake.cpp">
      <Filter>Enemy</Filter>
    </ClCompile>
    <ClCompile Include="EnemyGhoul.cpp">
      <Filter>Enemy</Filter>
    </ClCompile>
    <ClCompile Include="EnemyArcher.cpp">
      <Filter>Enemy</Filter>
    </ClCompile>
    <ClCompile Include="EnemyGhost.cpp">
      <Filter>Enemy</Filter>
    </ClCompile>
    <ClCompile Include="EnemyHand.cpp">
      <Filter>Enemy</Filter>
    </ClCompile>
    <ClCompile Include="EnemyNoNeckGhost.cpp">
      <Filter>Enemy</Filter>
    </ClCompile>
    <ClCompile Include="EnemyOneEyeSnake.cpp">
      <Filter>Enemy</Filter>
    </ClCompile>
    <ClCompile Include="EnemyRedBird.cpp">
      <Filter>Enemy</Filter>
    </ClCompile>
    <ClCompile Include="EnemyShishimai.cpp">
      <Filter>Enemy</Filter>
    </ClCompile>
    <ClCompile Include="EnemyStoneFace.cpp">
      <Filter>Enemy</Filter>
    </ClCompile>
    <ClCompile Include="EnemyWhiteMist.cpp">
      <Filter>Enemy</Filter>
    </ClCompile>
    <ClCompile Include="EnemyBlueMonk.cpp">
      <Filter>Enemy</Filter>
    </ClCompile>
    <ClCompile Include="EnemyGreenZombie.cpp">
      <Filter>Enemy</Filter>
    </ClCompile>
    <ClCompile Include="EnemySwampZombieA.cpp">
      <Filter>Enemy</Filter>
    </ClCompile>
    <ClCompile Include="EnemySwampZombieB.cpp">
      <Filter>Enemy</Filter>
    </ClCompile>
    <ClCompile Include="EnemySwampZombieC.cpp">
      <Filter>Enemy</Filter>
    </ClCompile>
    <ClCompile Include="EnemyBoss.cpp">
      <Filter>Boss</Filter>
    </ClCompile>
    <ClCompile Include="EnemyJizo.cpp">
      <Filter>Enemy</Filter>
    </ClCompile>
    <ClCompile Include="EnemyLady.cpp">
      <Filter>Enemy</Filter>
    </ClCompile>
    <ClCompile Include="EnemyOnyudo.cpp">
      <Filter>Enemy</Filter>
    </ClCompile>
    <ClCompile Include="EnemySkeleton.cpp">
      <Filter>Enemy</Filter>
    </ClCompile>
    <ClCompile Include="EnemyWind.cpp">
      <Filter>Enemy</Filter>
    </ClCompile>
    <ClCompile Include="EnemyTree.cpp">
      <Filter>Enemy</Filter>
    </ClCompile>
    <ClCompile Include="EnemyGrayMist.cpp">
      <Filter>Enemy</Filter>
    </ClCompile>
    <ClCompile Include="EnemyGama.cpp">
      <Filter>Enemy</Filter>
    </ClCompile>
    <ClCompile Include="EnemyBat.cpp">
      <Filter>Enemy</Filter>
    </ClCompile>
    <ClCompile Include="EnemyFlog.cpp">
      <Filter>Enemy</Filter>
    </ClCompile>
    <ClCompile Include="EnemyMoth.cpp">
      <Filter>Enemy</Filter>
    </ClCompile>
    <ClCompile Include="EnemyStone.cpp">
      <Filter>Enemy</Filter>
    </ClCompile>
    <ClCompile Include="PopGama.cpp">
      <Filter>Pop</Filter>
    </ClCompile>
    <ClCompile Include="PopGrayMist.cpp">
      <Filter>Pop</Filter>
    </ClCompile>
    <ClCompile Include="PopBat.cpp">
      <Filter>Pop</Filter>
    </ClCompile>
    <ClCompile Include="PopFlog.cpp">
      <Filter>Pop</Filter>
    </ClCompile>
    <ClCompile Include="PopMoth.cpp">
      <Filter>Pop</Filter>
    </ClCompile>
    <ClCompile Include="PopStone.cpp">
      <Filter>Pop</Filter>
    </ClCompile>
    <ClCompile Include="Pop.cpp">
      <Filter>Pop</Filter>
    </ClCompile>
    <ClCompile Include="PopFaceAndHand.cpp">
      <Filter>Pop</Filter>
    </ClCompile>
    <ClCompile Include="Popper.cpp">
      <Filter>Pop</Filter>
    </ClCompile>
    <ClCompile Include="PopPurpleZombie.cpp">
      <Filter>Pop</Filter>
    </ClCompile>
    <ClCompile Include="PopNoFace.cpp">
      <Filter>Pop</Filter>
    </ClCompile>
    <ClCompile Include="PopLancer.cpp">
      <Filter>Pop</Filter>
    </ClCompile>
    <ClCompile Include="PopCrocoSnake.cpp">
      <Filter>Pop</Filter>
    </ClCompile>
    <ClCompile Include="PopGhoul.cpp">
      <Filter>Pop</Filter>
    </ClCompile>
    <ClCompile Include="PopArcher.cpp">
      <Filter>Pop</Filter>
    </ClCompile>
    <ClCompile Include="PopGhost.cpp">
      <Filter>Pop</Filter>
    </ClCompile>
    <ClCompile Include="PopHand.cpp">
      <Filter>Pop</Filter>
    </ClCompile>
    <ClCompile Include="PopNoNeckGhost.cpp">
      <Filter>Pop</Filter>
    </ClCompile>
    <ClCompile Include="PopOneEyeSnake.cpp">
      <Filter>Pop</Filter>
    </ClCompile>
    <ClCompile Include="PopRedBird.cpp">
      <Filter>Pop</Filter>
    </ClCompile>
    <ClCompile Include="PopShishimai.cpp">
      <Filter>Pop</Filter>
    </ClCompile>
    <ClCompile Include="PopStoneFace.cpp">
      <Filter>Pop</Filter>
    </ClCompile>
    <ClCompile Include="PopWhiteMist.cpp">
      <Filter>Pop</Filter>
    </ClCompile>
    <ClCompile Include="PopBlueMonk.cpp">
      <Filter>Pop</Filter>
    </ClCompile>
    <ClCompile Include="PopGreenZombie.cpp">
      <Filter>Pop</Filter>
    </ClCompile>
    <ClCompile Include="PopSwampZombieA.cpp">
      <Filter>Pop</Filter>
    </ClCompile>
    <ClCompile Include="PopSwampZombieC.cpp">
      <Filter>Pop</Filter>
    </ClCompile>
    <ClCompile Include="PopSwampZombieB.cpp">
      <Filter>Pop</Filter>
    </ClCompile>
    <ClCompile Include="PopJizo.cpp">
      <Filter>Pop</Filter>
    </ClCompile>
    <ClCompile Include="PopLady.cpp">
      <Filter>Pop</Filter>
    </ClCompile>
    <ClCompile Include="PopOnyudo.cpp">
      <Filter>Pop</Filter>
    </ClCompile>
    <ClCompile Include="PopSkeleton.cpp">
      <Filter>Pop</Filter>
    </ClCompile>
    <ClCompile Include="PopWind.cpp">
      <Filter>Pop</Filter>
    </ClCompile>
    <ClCompile Include="PopTree.cpp">
      <Filter>Pop</Filter>
    </ClCompile>
    <ClCompile Include="Viewer.cpp">
      <Filter>Viewer</Filter>
    </ClCompile>
    <ClCompile Include="ViewerDebug.cpp">
      <Filter>Viewer</Filter>
    </ClCompile>
    <ClCompile Include="ViewerStatus.cpp">
      <Filter>Viewer</Filter>
    </ClCompile>
    <ClCompile Include="EnemyBossRock.cpp">
      <Filter>Boss</Filter>
    </ClCompile>
    <ClCompile Include="NPC.cpp">
      <Filter>NPC</Filter>
    </ClCompile>
    <ClCompile Include="NPCObaba.cpp">
      <Filter>NPC</Filter>
    </ClCompile>
    <ClCompile Include="NPCMiko.cpp">
      <Filter>NPC</Filter>
    </ClCompile>
    <ClCompile Include="NPCAngel.cpp">
      <Filter>NPC</Filter>
    </ClCompile>
    <ClCompile Include="NPCMermaid.cpp">
      <Filter>NPC</Filter>
    </ClCompile>
    <ClCompile Include="NPCOtohime.cpp">
      <Filter>NPC</Filter>
    </ClCompile>
    <ClCompile Include="EnemyRedBirdAttack.cpp">
      <Filter>EnemyAttack</Filter>
    </ClCompile>
    <ClCompile Include="EnemyBranch.cpp">
      <Filter>EnemyAttack</Filter>
    </ClCompile>
    <ClCompile Include="EnemySeed.cpp">
      <Filter>EnemyAttack</Filter>
    </ClCompile>
    <ClCompile Include="EnemyTreeNuts.cpp">
      <Filter>EnemyAttack</Filter>
    </ClCompile>
    <ClCompile Include="EnemyHandAttack.cpp">
      <Filter>EnemyAttack</Filter>
    </ClCompile>
    <ClCompile Include="EnemyTreeNuts.cpp">
      <Filter>EnemyAttack</Filter>
    </ClCompile>
    <ClCompile Include="Item.cpp">
      <Filter>Item</Filter>
    </ClCompile>
    <ClCompile Include="ItemFire.cpp">
      <Filter>Item</Filter>
    </ClCompile>
    <ClCompile Include="ItemTree.cpp">
      <Filter>Item</Filter>
    </ClCompile>
    <ClCompile Include="ItemMoney.cpp">
      <Filter>Item</Filter>
    </ClCompile>
    <ClCompile Include="ItemToku.cpp">
      <Filter>Item</Filter>
    </ClCompile>
    <ClCompile Include="EnemyHellFire.cpp">
      <Filter>Enemy</Filter>
    </ClCompile>
    <ClCompile Include="Debug.cpp" />
    <ClCompile Include="ItemRock.cpp">
      <Filter>Item</Filter>
    </ClCompile>
    <ClCompile Include="EnemyAttack.cpp">
      <Filter>EnemyAttack</Filter>
    </ClCompile>
    <ClCompile Include="Sender.cpp" />
    <ClCompile Include="Magazine.cpp" />
    <ClCompile Include="EnemyEyeDaemon.cpp">
      <Filter>Enemy</Filter>
    </ClCompile>
    <ClCompile Include="EnemyHugDaemon.cpp">
      <Filter>Enemy</Filter>
    </ClCompile>
    <ClCompile Include="EnemyLittleRedDaemon.cpp">
      <Filter>Enemy</Filter>
    </ClCompile>
    <ClCompile Include="EnemyShishimaiDaemon.cpp">
      <Filter>Enemy</Filter>
    </ClCompile>
    <ClCompile Include="EnemyBossBloodDaemon.cpp">
      <Filter>Boss</Filter>
    </ClCompile>
    <ClCompile Include="EnemyBossRedDaemon.cpp">
      <Filter>Boss</Filter>
    </ClCompile>
    <ClCompile Include="EnemyBossMonsterTree.cpp">
      <Filter>Boss</Filter>
    </ClCompile>
    <ClCompile Include="PopEyeDaemon.cpp">
      <Filter>Pop</Filter>
    </ClCompile>
    <ClCompile Include="PopHugDaemon.cpp">
      <Filter>Pop</Filter>
    </ClCompile>
    <ClCompile Include="PopShishimaiDaemon.cpp">
      <Filter>Pop</Filter>
    </ClCompile>
    <ClCompile Include="EnemyArcherAttack.cpp">
      <Filter>Enemy</Filter>
    </ClCompile>
    <ClCompile Include="EnemyRay.cpp">
      <Filter>Enemy</Filter>
    </ClCompile>
    <ClCompile Include="EnemyShell.cpp">
      <Filter>Enemy</Filter>
    </ClCompile>
    <ClCompile Include="EnemyWaterGhost.cpp">
      <Filter>Enemy</Filter>
    </ClCompile>
    <ClCompile Include="PopRay.cpp">
      <Filter>Pop</Filter>
    </ClCompile>
    <ClCompile Include="PopShell.cpp">
      <Filter>Pop</Filter>
    </ClCompile>
    <ClCompile Include="PopWaterGhost.cpp">
      <Filter>Pop</Filter>
    </ClCompile>
    <ClCompile Include="Monmotaro.cpp" />
    <ClCompile Include="ShotMonmotaro.cpp" />
    <ClCompile Include="ShotPlayer.cpp" />
  </ItemGroup>
  <ItemGroup>
    <ClInclude Include="Character.h" />
    <ClInclude Include="Family.h" />
    <ClInclude Include="Military.h" />
    <ClInclude Include="Player.h" />
    <ClInclude Include="Shot.h" />
    <ClInclude Include="Armoury.h" />
    <ClInclude Include="Impact.h" />
    <ClInclude Include="Storage.h" />
    <ClInclude Include="Enemy.h">
      <Filter>Enemy</Filter>
    </ClInclude>
    <ClInclude Include="EnemyFaceAndHand.h">
      <Filter>Enemy</Filter>
    </ClInclude>
    <ClInclude Include="EnemyPurpleZombie.h">
      <Filter>Enemy</Filter>
    </ClInclude>
    <ClInclude Include="EnemyNoFace.h">
      <Filter>Enemy</Filter>
    </ClInclude>
    <ClInclude Include="EnemyLancer.h">
      <Filter>Enemy</Filter>
    </ClInclude>
    <ClInclude Include="EnemyCrocoSnake.h">
      <Filter>Enemy</Filter>
    </ClInclude>
    <ClInclude Include="EnemyGhoul.h">
      <Filter>Enemy</Filter>
    </ClInclude>
    <ClInclude Include="EnemyArcher.h">
      <Filter>Enemy</Filter>
    </ClInclude>
    <ClInclude Include="EnemyGhost.h">
      <Filter>Enemy</Filter>
    </ClInclude>
    <ClInclude Include="EnemyHand.h">
      <Filter>Enemy</Filter>
    </ClInclude>
    <ClInclude Include="EnemyNoNeckGhost.h">
      <Filter>Enemy</Filter>
    </ClInclude>
    <ClInclude Include="EnemyOneEyeSnake.h">
      <Filter>Enemy</Filter>
    </ClInclude>
    <ClInclude Include="EnemyRedBird.h">
      <Filter>Enemy</Filter>
    </ClInclude>
    <ClInclude Include="EnemyShishimai.h">
      <Filter>Enemy</Filter>
    </ClInclude>
    <ClInclude Include="EnemyStoneFace.h">
      <Filter>Enemy</Filter>
    </ClInclude>
    <ClInclude Include="EnemyWhiteMist.h">
      <Filter>Enemy</Filter>
    </ClInclude>
    <ClInclude Include="EnemyBlueMonk.h">
      <Filter>Enemy</Filter>
    </ClInclude>
    <ClInclude Include="EnemyGreenZombie.h">
      <Filter>Enemy</Filter>
    </ClInclude>
    <ClInclude Include="EnemySwampZombieA.h">
      <Filter>Enemy</Filter>
    </ClInclude>
    <ClInclude Include="EnemySwampZombieB.h">
      <Filter>Enemy</Filter>
    </ClInclude>
    <ClInclude Include="EnemySwampZombieC.h">
      <Filter>Enemy</Filter>
    </ClInclude>
    <ClInclude Include="EnemyBoss.h">
      <Filter>Boss</Filter>
    </ClInclude>
    <ClInclude Include="EnemyJizo.h">
      <Filter>Enemy</Filter>
    </ClInclude>
    <ClInclude Include="EnemyLady.h">
      <Filter>Enemy</Filter>
    </ClInclude>
    <ClInclude Include="EnemyOnyudo.h">
      <Filter>Enemy</Filter>
    </ClInclude>
    <ClInclude Include="EnemySkeleton.h">
      <Filter>Enemy</Filter>
    </ClInclude>
    <ClInclude Include="EnemyWind.h">
      <Filter>Enemy</Filter>
    </ClInclude>
    <ClInclude Include="EnemyTree.h">
      <Filter>Enemy</Filter>
    </ClInclude>
    <ClInclude Include="EnemyGrayMist.h">
      <Filter>Enemy</Filter>
    </ClInclude>
    <ClInclude Include="EnemyGama.h">
      <Filter>Enemy</Filter>
    </ClInclude>
    <ClInclude Include="EnemyBat.h">
      <Filter>Enemy</Filter>
    </ClInclude>
    <ClInclude Include="EnemyFlog.h">
      <Filter>Enemy</Filter>
    </ClInclude>
    <ClInclude Include="EnemyMoth.h">
      <Filter>Enemy</Filter>
    </ClInclude>
    <ClInclude Include="EnemyStone.h">
      <Filter>Enemy</Filter>
    </ClInclude>
    <ClInclude Include="PopGama.h">
      <Filter>Pop</Filter>
    </ClInclude>
    <ClInclude Include="PopGrayMist.h">
      <Filter>Pop</Filter>
    </ClInclude>
    <ClInclude Include="PopBat.h">
      <Filter>Pop</Filter>
    </ClInclude>
    <ClInclude Include="PopFlog.h">
      <Filter>Pop</Filter>
    </ClInclude>
    <ClInclude Include="PopMoth.h">
      <Filter>Pop</Filter>
    </ClInclude>
    <ClInclude Include="PopStone.h">
      <Filter>Pop</Filter>
    </ClInclude>
    <ClInclude Include="Pop.h">
      <Filter>Pop</Filter>
    </ClInclude>
    <ClInclude Include="PopFaceAndHand.h">
      <Filter>Pop</Filter>
    </ClInclude>
    <ClInclude Include="Popper.h">
      <Filter>Pop</Filter>
    </ClInclude>
    <ClInclude Include="PopPurpleZombie.h">
      <Filter>Pop</Filter>
    </ClInclude>
    <ClInclude Include="PopNoFace.h">
      <Filter>Pop</Filter>
    </ClInclude>
    <ClInclude Include="PopLancer.h">
      <Filter>Pop</Filter>
    </ClInclude>
    <ClInclude Include="PopCrocoSnake.h">
      <Filter>Pop</Filter>
    </ClInclude>
    <ClInclude Include="PopGhoul.h">
      <Filter>Pop</Filter>
    </ClInclude>
    <ClInclude Include="PopArcher.h">
      <Filter>Pop</Filter>
    </ClInclude>
    <ClInclude Include="PopGhost.h">
      <Filter>Pop</Filter>
    </ClInclude>
    <ClInclude Include="PopHand.h">
      <Filter>Pop</Filter>
    </ClInclude>
    <ClInclude Include="PopNoNeckGhost.h">
      <Filter>Pop</Filter>
    </ClInclude>
    <ClInclude Include="PopOneEyeSnake.h">
      <Filter>Pop</Filter>
    </ClInclude>
    <ClInclude Include="PopRedBird.h">
      <Filter>Pop</Filter>
    </ClInclude>
    <ClInclude Include="PopShishimai.h">
      <Filter>Pop</Filter>
    </ClInclude>
    <ClInclude Include="PopStoneFace.h">
      <Filter>Pop</Filter>
    </ClInclude>
    <ClInclude Include="PopWhiteMist.h">
      <Filter>Pop</Filter>
    </ClInclude>
    <ClInclude Include="PopBlueMonk.h">
      <Filter>Pop</Filter>
    </ClInclude>
    <ClInclude Include="PopGreenZombie.h">
      <Filter>Pop</Filter>
    </ClInclude>
    <ClInclude Include="PopSwampZombieA.h">
      <Filter>Pop</Filter>
    </ClInclude>
    <ClInclude Include="PopSwampZombieC.h">
      <Filter>Pop</Filter>
    </ClInclude>
    <ClInclude Include="PopSwampZombieB.h">
      <Filter>Pop</Filter>
    </ClInclude>
    <ClInclude Include="PopJizo.h">
      <Filter>Pop</Filter>
    </ClInclude>
    <ClInclude Include="PopLady.h">
      <Filter>Pop</Filter>
    </ClInclude>
    <ClInclude Include="PopOnyudo.h">
      <Filter>Pop</Filter>
    </ClInclude>
    <ClInclude Include="PopSkeleton.h">
      <Filter>Pop</Filter>
    </ClInclude>
    <ClInclude Include="PopWind.h">
      <Filter>Pop</Filter>
    </ClInclude>
    <ClInclude Include="PopTree.h">
      <Filter>Pop</Filter>
    </ClInclude>
    <ClInclude Include="Viewer.h">
      <Filter>Viewer</Filter>
    </ClInclude>
    <ClInclude Include="ViewerDebug.h">
      <Filter>Viewer</Filter>
    </ClInclude>
    <ClInclude Include="ViewerStatus.h">
      <Filter>Viewer</Filter>
    </ClInclude>
    <ClInclude Include="EnemyBossRock.h">
      <Filter>Boss</Filter>
    </ClInclude>
    <ClInclude Include="NPC.h">
      <Filter>NPC</Filter>
    </ClInclude>
    <ClInclude Include="NPCObaba.h">
      <Filter>NPC</Filter>
    </ClInclude>
    <ClInclude Include="NPCMiko.h">
      <Filter>NPC</Filter>
    </ClInclude>
    <ClInclude Include="NPCAngel.h">
      <Filter>NPC</Filter>
    </ClInclude>
    <ClInclude Include="NPCMermaid.h">
      <Filter>NPC</Filter>
    </ClInclude>
    <ClInclude Include="NPCOtohime.h">
      <Filter>NPC</Filter>
    </ClInclude>
    <ClInclude Include="EnemyRedBirdAttack.h">
      <Filter>EnemyAttack</Filter>
    </ClInclude>
    <ClInclude Include="EnemyBranch.h">
      <Filter>EnemyAttack</Filter>
    </ClInclude>
    <ClInclude Include="EnemySeed.h">
      <Filter>EnemyAttack</Filter>
    </ClInclude>
    <ClInclude Include="EnemyTreeNuts.h">
      <Filter>EnemyAttack</Filter>
    </ClInclude>
    <ClInclude Include="EnemyHandAttack.h">
      <Filter>EnemyAttack</Filter>
    </ClInclude>
    <ClInclude Include="EnemyTreeNuts.h">
      <Filter>EnemyAttack</Filter>
    </ClInclude>
    <ClInclude Include="Item.h">
      <Filter>Item</Filter>
    </ClInclude>
    <ClInclude Include="ItemFire.h">
      <Filter>Item</Filter>
    </ClInclude>
    <ClInclude Include="ItemTree.h">
      <Filter>Item</Filter>
    </ClInclude>
    <ClInclude Include="ItemMoney.h">
      <Filter>Item</Filter>
    </ClInclude>
    <ClInclude Include="ItemToku.h">
      <Filter>Item</Filter>
    </ClInclude>
    <ClInclude Include="EnemyHellFire.h">
      <Filter>Enemy</Filter>
    </ClInclude>
    <ClInclude Include="Debug.h" />
    <ClInclude Include="ItemRock.h">
      <Filter>Item</Filter>
    </ClInclude>
    <ClInclude Include="EnemyAttack.h">
      <Filter>EnemyAttack</Filter>
    </ClInclude>
    <ClInclude Include="Sender.h" />
    <ClInclude Include="Magazine.h" />
    <ClInclude Include="EnemyEyeDaemon.h">
      <Filter>Enemy</Filter>
    </ClInclude>
    <ClInclude Include="EnemyHugDaemon.h">
      <Filter>Enemy</Filter>
    </ClInclude>
    <ClInclude Include="EnemyLittleRedDaemon.h">
      <Filter>Enemy</Filter>
    </ClInclude>
    <ClInclude Include="EnemyShishimaiDaemon.h">
      <Filter>Enemy</Filter>
    </ClInclude>
    <ClInclude Include="EnemyBossBloodDaemon.h">
      <Filter>Boss</Filter>
    </ClInclude>
    <ClInclude Include="EnemyBossRedDaemon.h">
      <Filter>Boss</Filter>
    </ClInclude>
    <ClInclude Include="EnemyBossMonsterTree.h">
      <Filter>Boss</Filter>
    </ClInclude>
    <ClInclude Include="PopEyeDaemon.h">
      <Filter>Pop</Filter>
    </ClInclude>
    <ClInclude Include="PopHugDaemon.h">
      <Filter>Pop</Filter>
    </ClInclude>
    <ClInclude Include="PopShishimaiDaemon.h">
      <Filter>Pop</Filter>
    </ClInclude>
    <ClInclude Include="EnemyArcherAttack.h">
      <Filter>Enemy</Filter>
    </ClInclude>
    <ClInclude Include="EnemyRay.h">
      <Filter>Enemy</Filter>
    </ClInclude>
    <ClInclude Include="EnemyShell.h">
      <Filter>Enemy</Filter>
    </ClInclude>
    <ClInclude Include="EnemyWaterGhost.h">
      <Filter>Enemy</Filter>
    </ClInclude>
    <ClInclude Include="PopRay.h">
      <Filter>Pop</Filter>
    </ClInclude>
    <ClInclude Include="PopShell.h">
      <Filter>Pop</Filter>
    </ClInclude>
    <ClInclude Include="PopWaterGhost.h">
      <Filter>Pop</Filter>
    </ClInclude>
    <ClInclude Include="Monmotaro.h" />
    <ClInclude Include="ShotMonmotaro.h" />
    <ClInclude Include="ShotPlayer.h" />
  </ItemGroup>
  <ItemGroup>
    <Filter Include="Pop">
      <UniqueIdentifier>{850afb85-911e-43b2-a175-64364fee8f68}</UniqueIdentifier>
    </Filter>
    <Filter Include="Enemy">
      <UniqueIdentifier>{a27163da-86d5-4ace-a4f8-ded400c8a1bd}</UniqueIdentifier>
    </Filter>
    <Filter Include="Boss">
      <UniqueIdentifier>{ac0a6380-7baf-4cac-a471-08c053d3e854}</UniqueIdentifier>
    </Filter>
    <Filter Include="Viewer">
      <UniqueIdentifier>{947e2af3-b4cc-4bea-b71e-fe5bab2e28d9}</UniqueIdentifier>
    </Filter>
    <Filter Include="EnemyAttack">
      <UniqueIdentifier>{a4bea1fa-d4cd-4c18-a4cc-4e1ee9e929f3}</UniqueIdentifier>
    </Filter>
    <Filter Include="NPC">
      <UniqueIdentifier>{23277578-7733-48ca-bde2-9b3e53490df2}</UniqueIdentifier>
    </Filter>
    <Filter Include="Item">
      <UniqueIdentifier>{ef8c8990-cea0-46b9-b95b-6fed73e02411}</UniqueIdentifier>
    </Filter>
  </ItemGroup>
</Project>