<?xml version="1.0" encoding="utf-8"?>
<Project ToolsVersion="4.0" xmlns="http://schemas.microsoft.com/developer/msbuild/2003">
  <ItemGroup>
    <ClCompile Include="Character.cpp" />
    <ClCompile Include="Family.cpp" />
    <ClCompile Include="Map.cpp" />
    <ClCompile Include="main.cpp" />
    <ClCompile Include="Military.cpp" />
    <ClCompile Include="Player.cpp" />
    <ClCompile Include="Shot.cpp" />
    <ClCompile Include="Armoury.cpp" />
    <ClCompile Include="Impact.cpp" />
    <ClCompile Include="Enemy.cpp">
      <Filter>Enemy</Filter>
    </ClCompile>
    <ClCompile Include="EnemyFaceAndHand.cpp">
      <Filter>Enemy</Filter>
    </ClCompile>
    <ClCompile Include="EnemyPurpleZombie.cpp">
      <Filter>Enemy</Filter>
    </ClCompile>
    <ClCompile Include="Pop.cpp">
      <Filter>Pop</Filter>
    </ClCompile>
    <ClCompile Include="PopFaceAndHand.cpp">
      <Filter>Pop</Filter>
    </ClCompile>
    <ClCompile Include="Popper.cpp">
      <Filter>Pop</Filter>
    </ClCompile>
    <ClCompile Include="PopPurpleZombie.cpp">
      <Filter>Pop</Filter>
    </ClCompile>
    <ClCompile Include="EnemyNoFace.cpp">
      <Filter>Enemy</Filter>
    </ClCompile>
    <ClCompile Include="PopNoFace.cpp">
      <Filter>Pop</Filter>
    </ClCompile>
    <ClCompile Include="PopLancer.cpp">
      <Filter>Pop</Filter>
    </ClCompile>
    <ClCompile Include="EnemyLancer.cpp">
      <Filter>Enemy</Filter>
    </ClCompile>
    <ClCompile Include="PopCrocoSnake.cpp">
      <Filter>Pop</Filter>
    </ClCompile>
    <ClCompile Include="PopGhoul.cpp">
      <Filter>Pop</Filter>
    </ClCompile>
    <ClCompile Include="EnemyCrocoSnake.cpp">
      <Filter>Enemy</Filter>
    </ClCompile>
    <ClCompile Include="EnemyGhoul.cpp">
      <Filter>Enemy</Filter>
    </ClCompile>
    <ClCompile Include="EnemyArcher.cpp">
      <Filter>Enemy</Filter>
    </ClCompile>
    <ClCompile Include="EnemyGhost.cpp">
      <Filter>Enemy</Filter>
    </ClCompile>
    <ClCompile Include="EnemyHand.cpp">
      <Filter>Enemy</Filter>
    </ClCompile>
    <ClCompile Include="EnemyNoNeckGhost.cpp">
      <Filter>Enemy</Filter>
    </ClCompile>
    <ClCompile Include="EnemyOneEyeSnake.cpp">
      <Filter>Enemy</Filter>
    </ClCompile>
    <ClCompile Include="EnemyRedBird.cpp">
      <Filter>Enemy</Filter>
    </ClCompile>
    <ClCompile Include="EnemyShishimai.cpp">
      <Filter>Enemy</Filter>
    </ClCompile>
    <ClCompile Include="EnemyShishimaiDemon.cpp">
      <Filter>Enemy</Filter>
    </ClCompile>
    <ClCompile Include="EnemyStoneFace.cpp">
      <Filter>Enemy</Filter>
    </ClCompile>
    <ClCompile Include="EnemyWhiteMist.cpp">
      <Filter>Enemy</Filter>
    </ClCompile>
    <ClCompile Include="PopArcher.cpp">
      <Filter>Pop</Filter>
    </ClCompile>
    <ClCompile Include="PopGhost.cpp">
      <Filter>Pop</Filter>
    </ClCompile>
    <ClCompile Include="PopHand.cpp">
      <Filter>Pop</Filter>
    </ClCompile>
    <ClCompile Include="PopNoNeckGhost.cpp">
      <Filter>Pop</Filter>
    </ClCompile>
    <ClCompile Include="PopOneEyeSnake.cpp">
      <Filter>Pop</Filter>
    </ClCompile>
    <ClCompile Include="PopRedBird.cpp">
      <Filter>Pop</Filter>
    </ClCompile>
    <ClCompile Include="PopShishimai.cpp">
      <Filter>Pop</Filter>
    </ClCompile>
    <ClCompile Include="PopShishimaiDemon.cpp">
      <Filter>Pop</Filter>
    </ClCompile>
    <ClCompile Include="PopStoneFace.cpp">
      <Filter>Pop</Filter>
    </ClCompile>
    <ClCompile Include="PopWhiteMist.cpp">
      <Filter>Pop</Filter>
    </ClCompile>
    <ClCompile Include="EnemyBlueMonk.cpp">
      <Filter>Enemy</Filter>
    </ClCompile>
    <ClCompile Include="PopBlueMonk.cpp">
      <Filter>Pop</Filter>
    </ClCompile>
    <ClCompile Include="EnemyGreenZombie.cpp">
      <Filter>Enemy</Filter>
    </ClCompile>
    <ClCompile Include="EnemySwampZombieA.cpp">
      <Filter>Enemy</Filter>
    </ClCompile>
    <ClCompile Include="EnemyHugDemon.cpp">
      <Filter>Enemy</Filter>
    </ClCompile>
    <ClCompile Include="PopGreenZombie.cpp">
      <Filter>Pop</Filter>
    </ClCompile>
    <ClCompile Include="PopHugDemon.cpp">
      <Filter>Pop</Filter>
    </ClCompile>
    <ClCompile Include="PopSwampZombieA.cpp">
      <Filter>Pop</Filter>
    </ClCompile>
    <ClCompile Include="EnemySwampZombieB.cpp">
      <Filter>Enemy</Filter>
    </ClCompile>
    <ClCompile Include="EnemySwampZombieC.cpp">
      <Filter>Enemy</Filter>
    </ClCompile>
    <ClCompile Include="PopSwampZombieC.cpp">
      <Filter>Pop</Filter>
    </ClCompile>
    <ClCompile Include="PopSwampZombieB.cpp">
      <Filter>Pop</Filter>
    </ClCompile>
    <ClCompile Include="MapEvent.cpp" />
    <ClCompile Include="EnemyBossRedDemon.cpp">
      <Filter>Boss</Filter>
    </ClCompile>
    <ClCompile Include="EnemyBoss.cpp">
      <Filter>Boss</Filter>
    </ClCompile>
    <ClCompile Include="EnemyLittleRedDemon.cpp">
      <Filter>Enemy</Filter>
    </ClCompile>
    <ClCompile Include="EnemyJizo.cpp">
      <Filter>Enemy</Filter>
    </ClCompile>
    <ClCompile Include="EnemyLady.cpp">
      <Filter>Enemy</Filter>
    </ClCompile>
    <ClCompile Include="EnemyOnyudo.cpp">
      <Filter>Enemy</Filter>
    </ClCompile>
    <ClCompile Include="EnemySkeleton.cpp">
      <Filter>Enemy</Filter>
    </ClCompile>
    <ClCompile Include="EnemyWind.cpp">
      <Filter>Enemy</Filter>
    </ClCompile>
    <ClCompile Include="PopJizo.cpp">
      <Filter>Pop</Filter>
    </ClCompile>
    <ClCompile Include="PopLady.cpp">
      <Filter>Pop</Filter>
    </ClCompile>
    <ClCompile Include="PopOnyudo.cpp">
      <Filter>Pop</Filter>
    </ClCompile>
    <ClCompile Include="PopSkeleton.cpp">
      <Filter>Pop</Filter>
    </ClCompile>
    <ClCompile Include="PopWind.cpp">
      <Filter>Pop</Filter>
    </ClCompile>
    <ClCompile Include="Viewer.cpp">
      <Filter>Viewer</Filter>
    </ClCompile>
    <ClCompile Include="ViewerArmoury.cpp">
      <Filter>Viewer</Filter>
    </ClCompile>
    <ClCompile Include="ViewerDebug.cpp">
      <Filter>Viewer</Filter>
    </ClCompile>
    <ClCompile Include="ViewerEvent.cpp">
      <Filter>Viewer</Filter>
    </ClCompile>
    <ClCompile Include="ViewerFamily.cpp">
      <Filter>Viewer</Filter>
    </ClCompile>
    <ClCompile Include="ViewerMilitary.cpp">
      <Filter>Viewer</Filter>
    </ClCompile>
    <ClCompile Include="ViewerStatus.cpp">
      <Filter>Viewer</Filter>
    </ClCompile>
    <ClCompile Include="ViewerStreet.cpp">
      <Filter>Viewer</Filter>
    </ClCompile>
    <ClCompile Include="EnemyTree.cpp">
      <Filter>Enemy</Filter>
    </ClCompile>
    <ClCompile Include="PopTree.cpp">
      <Filter>Pop</Filter>
    </ClCompile>
    <ClCompile Include="EnemyBossBloodDemon.cpp">
      <Filter>Boss</Filter>
    </ClCompile>
    <ClCompile Include="EnemyBossRock.cpp">
      <Filter>Boss</Filter>
    </ClCompile>
    <ClCompile Include="EnemyRedBirdAttack.cpp">
      <Filter>EnemyAttack</Filter>
    </ClCompile>
    <ClCompile Include="EnemyBossMonsteTree.cpp">
      <Filter>Boss</Filter>
    </ClCompile>
    <ClCompile Include="NPC.cpp">
      <Filter>NPC</Filter>
    </ClCompile>
    <ClCompile Include="NPCObaba.cpp">
      <Filter>NPC</Filter>
    </ClCompile>
    <ClCompile Include="EnemyBranch.cpp">
      <Filter>EnemyAttack</Filter>
    </ClCompile>
    <ClCompile Include="EnemySeed.cpp">
      <Filter>EnemyAttack</Filter>
    </ClCompile>
    <ClCompile Include="EnemyTreeNuts.cpp">
      <Filter>EnemyAttack</Filter>
    </ClCompile>
    <ClCompile Include="EnemyHandAttack.cpp">
      <Filter>EnemyAttack</Filter>
    </ClCompile>
    <ClCompile Include="EnemyTreeNuts.cpp">
      <Filter>EnemyAttack</Filter>
    </ClCompile>
    <ClCompile Include="NPCMiko.cpp">
      <Filter>NPC</Filter>
    </ClCompile>
    <ClCompile Include="EnemyGama.cpp" />
    <ClCompile Include="PopGama.cpp" />
    <ClCompile Include="EnemyGrayMist.cpp" />
    <ClCompile Include="PopGrayMist.cpp" />
  </ItemGroup>
  <ItemGroup>
    <ClInclude Include="Character.h" />
    <ClInclude Include="Family.h" />
    <ClInclude Include="Map.h" />
    <ClInclude Include="Military.h" />
    <ClInclude Include="Player.h" />
    <ClInclude Include="Shot.h" />
    <ClInclude Include="Armoury.h" />
    <ClInclude Include="Impact.h" />
    <ClInclude Include="Enemy.h">
      <Filter>Enemy</Filter>
    </ClInclude>
    <ClInclude Include="EnemyFaceAndHand.h">
      <Filter>Enemy</Filter>
    </ClInclude>
    <ClInclude Include="EnemyPurpleZombie.h">
      <Filter>Enemy</Filter>
    </ClInclude>
    <ClInclude Include="Pop.h">
      <Filter>Pop</Filter>
    </ClInclude>
    <ClInclude Include="PopFaceAndHand.h">
      <Filter>Pop</Filter>
    </ClInclude>
    <ClInclude Include="Popper.h">
      <Filter>Pop</Filter>
    </ClInclude>
    <ClInclude Include="PopPurpleZombie.h">
      <Filter>Pop</Filter>
    </ClInclude>
    <ClInclude Include="EnemyNoFace.h">
      <Filter>Enemy</Filter>
    </ClInclude>
    <ClInclude Include="PopNoFace.h">
      <Filter>Pop</Filter>
    </ClInclude>
    <ClInclude Include="PopLancer.h">
      <Filter>Pop</Filter>
    </ClInclude>
    <ClInclude Include="EnemyLancer.h">
      <Filter>Enemy</Filter>
    </ClInclude>
    <ClInclude Include="PopCrocoSnake.h">
      <Filter>Pop</Filter>
    </ClInclude>
    <ClInclude Include="PopGhoul.h">
      <Filter>Pop</Filter>
    </ClInclude>
    <ClInclude Include="EnemyCrocoSnake.h">
      <Filter>Enemy</Filter>
    </ClInclude>
    <ClInclude Include="EnemyGhoul.h">
      <Filter>Enemy</Filter>
    </ClInclude>
    <ClInclude Include="EnemyArcher.h">
      <Filter>Enemy</Filter>
    </ClInclude>
    <ClInclude Include="EnemyGhost.h">
      <Filter>Enemy</Filter>
    </ClInclude>
    <ClInclude Include="EnemyHand.h">
      <Filter>Enemy</Filter>
    </ClInclude>
    <ClInclude Include="EnemyNoNeckGhost.h">
      <Filter>Enemy</Filter>
    </ClInclude>
    <ClInclude Include="EnemyOneEyeSnake.h">
      <Filter>Enemy</Filter>
    </ClInclude>
    <ClInclude Include="EnemyRedBird.h">
      <Filter>Enemy</Filter>
    </ClInclude>
    <ClInclude Include="EnemyShishimai.h">
      <Filter>Enemy</Filter>
    </ClInclude>
    <ClInclude Include="EnemyShishimaiDemon.h">
      <Filter>Enemy</Filter>
    </ClInclude>
    <ClInclude Include="EnemyStoneFace.h">
      <Filter>Enemy</Filter>
    </ClInclude>
    <ClInclude Include="EnemyWhiteMist.h">
      <Filter>Enemy</Filter>
    </ClInclude>
    <ClInclude Include="PopArcher.h">
      <Filter>Pop</Filter>
    </ClInclude>
    <ClInclude Include="PopGhost.h">
      <Filter>Pop</Filter>
    </ClInclude>
    <ClInclude Include="PopHand.h">
      <Filter>Pop</Filter>
    </ClInclude>
    <ClInclude Include="PopNoNeckGhost.h">
      <Filter>Pop</Filter>
    </ClInclude>
    <ClInclude Include="PopOneEyeSnake.h">
      <Filter>Pop</Filter>
    </ClInclude>
    <ClInclude Include="PopRedBird.h">
      <Filter>Pop</Filter>
    </ClInclude>
    <ClInclude Include="PopShishimai.h">
      <Filter>Pop</Filter>
    </ClInclude>
    <ClInclude Include="PopShishimaiDemon.h">
      <Filter>Pop</Filter>
    </ClInclude>
    <ClInclude Include="PopStoneFace.h">
      <Filter>Pop</Filter>
    </ClInclude>
    <ClInclude Include="PopWhiteMist.h">
      <Filter>Pop</Filter>
    </ClInclude>
    <ClInclude Include="EnemyBlueMonk.h">
      <Filter>Enemy</Filter>
    </ClInclude>
    <ClInclude Include="PopBlueMonk.h">
      <Filter>Pop</Filter>
    </ClInclude>
    <ClInclude Include="EnemySwampZombieA.h">
      <Filter>Enemy</Filter>
    </ClInclude>
    <ClInclude Include="EnemyGreenZombie.h">
      <Filter>Enemy</Filter>
    </ClInclude>
    <ClInclude Include="EnemyHugDemon.h">
      <Filter>Enemy</Filter>
    </ClInclude>
    <ClInclude Include="PopGreenZombie.h">
      <Filter>Pop</Filter>
    </ClInclude>
    <ClInclude Include="PopSwampZombieA.h">
      <Filter>Pop</Filter>
    </ClInclude>
    <ClInclude Include="PopHugDemon.h">
      <Filter>Pop</Filter>
    </ClInclude>
    <ClInclude Include="EnemySwampZombieB.h">
      <Filter>Enemy</Filter>
    </ClInclude>
    <ClInclude Include="EnemySwampZombieC.h">
      <Filter>Enemy</Filter>
    </ClInclude>
    <ClInclude Include="PopSwampZombieC.h">
      <Filter>Pop</Filter>
    </ClInclude>
    <ClInclude Include="PopSwampZombieB.h">
      <Filter>Pop</Filter>
    </ClInclude>
    <ClInclude Include="MapEvent.h" />
    <ClInclude Include="EnemyBossRedDemon.h">
      <Filter>Boss</Filter>
    </ClInclude>
    <ClInclude Include="EnemyBoss.h">
      <Filter>Boss</Filter>
    </ClInclude>
    <ClInclude Include="EnemyLittleRedDemon.h">
      <Filter>Enemy</Filter>
    </ClInclude>
    <ClInclude Include="EnemyJizo.h">
      <Filter>Enemy</Filter>
    </ClInclude>
    <ClInclude Include="EnemyLady.h">
      <Filter>Enemy</Filter>
    </ClInclude>
    <ClInclude Include="EnemyOnyudo.h">
      <Filter>Enemy</Filter>
    </ClInclude>
    <ClInclude Include="EnemySkeleton.h">
      <Filter>Enemy</Filter>
    </ClInclude>
    <ClInclude Include="EnemyWind.h">
      <Filter>Enemy</Filter>
    </ClInclude>
    <ClInclude Include="PopJizo.h">
      <Filter>Pop</Filter>
    </ClInclude>
    <ClInclude Include="PopLady.h">
      <Filter>Pop</Filter>
    </ClInclude>
    <ClInclude Include="PopOnyudo.h">
      <Filter>Pop</Filter>
    </ClInclude>
    <ClInclude Include="PopSkeleton.h">
      <Filter>Pop</Filter>
    </ClInclude>
    <ClInclude Include="PopWind.h">
      <Filter>Pop</Filter>
    </ClInclude>
    <ClInclude Include="Viewer.h">
      <Filter>Viewer</Filter>
    </ClInclude>
    <ClInclude Include="ViewerArmoury.h">
      <Filter>Viewer</Filter>
    </ClInclude>
    <ClInclude Include="ViewerDebug.h">
      <Filter>Viewer</Filter>
    </ClInclude>
    <ClInclude Include="ViewerEvent.h">
      <Filter>Viewer</Filter>
    </ClInclude>
    <ClInclude Include="ViewerFamily.h">
      <Filter>Viewer</Filter>
    </ClInclude>
    <ClInclude Include="ViewerMilitary.h">
      <Filter>Viewer</Filter>
    </ClInclude>
    <ClInclude Include="ViewerStatus.h">
      <Filter>Viewer</Filter>
    </ClInclude>
    <ClInclude Include="ViewerStreet.h">
      <Filter>Viewer</Filter>
    </ClInclude>
    <ClInclude Include="EnemyTree.h">
      <Filter>Enemy</Filter>
    </ClInclude>
    <ClInclude Include="PopTree.h">
      <Filter>Pop</Filter>
    </ClInclude>
    <ClInclude Include="EnemyBossBloodDemon.h">
      <Filter>Boss</Filter>
    </ClInclude>
    <ClInclude Include="EnemyBossRock.h">
      <Filter>Boss</Filter>
    </ClInclude>
    <ClInclude Include="EnemyRedBirdAttack.h">
      <Filter>EnemyAttack</Filter>
    </ClInclude>
    <ClInclude Include="EnemyBossMonsteTree.h">
      <Filter>Boss</Filter>
    </ClInclude>
    <ClInclude Include="NPC.h">
      <Filter>NPC</Filter>
    </ClInclude>
    <ClInclude Include="NPCObaba.h">
      <Filter>NPC</Filter>
    </ClInclude>
    <ClInclude Include="EnemyBranch.h">
      <Filter>EnemyAttack</Filter>
    </ClInclude>
    <ClInclude Include="EnemySeed.h">
      <Filter>EnemyAttack</Filter>
    </ClInclude>
    <ClInclude Include="EnemyTreeNuts.h">
      <Filter>EnemyAttack</Filter>
    </ClInclude>
    <ClInclude Include="EnemyHandAttack.h">
      <Filter>EnemyAttack</Filter>
    </ClInclude>
    <ClInclude Include="EnemyTreeNuts.h">
      <Filter>EnemyAttack</Filter>
    </ClInclude>
    <ClInclude Include="NPCMiko.h">
      <Filter>NPC</Filter>
    </ClInclude>
    <ClInclude Include="EnemyGama.h" />
    <ClInclude Include="PopGama.h" />
    <ClInclude Include="EnemyGrayMist.h" />
    <ClInclude Include="PopGrayMist.h" />
  </ItemGroup>
  <ItemGroup>
    <Filter Include="Pop">
      <UniqueIdentifier>{850afb85-911e-43b2-a175-64364fee8f68}</UniqueIdentifier>
    </Filter>
    <Filter Include="Enemy">
      <UniqueIdentifier>{a27163da-86d5-4ace-a4f8-ded400c8a1bd}</UniqueIdentifier>
    </Filter>
    <Filter Include="Boss">
      <UniqueIdentifier>{ac0a6380-7baf-4cac-a471-08c053d3e854}</UniqueIdentifier>
    </Filter>
    <Filter Include="Viewer">
      <UniqueIdentifier>{947e2af3-b4cc-4bea-b71e-fe5bab2e28d9}</UniqueIdentifier>
    </Filter>
    <Filter Include="EnemyAttack">
      <UniqueIdentifier>{a4bea1fa-d4cd-4c18-a4cc-4e1ee9e929f3}</UniqueIdentifier>
    </Filter>
    <Filter Include="NPC">
      <UniqueIdentifier>{23277578-7733-48ca-bde2-9b3e53490df2}</UniqueIdentifier>
    </Filter>
  </ItemGroup>
</Project>