<?xml version="1.0" encoding="utf-8"?>
<Project ToolsVersion="4.0" xmlns="http://schemas.microsoft.com/developer/msbuild/2003">
  <ItemGroup>
    <ClCompile Include="Character.cpp" />
    <ClCompile Include="Family.cpp" />
    <ClCompile Include="Map.cpp" />
    <ClCompile Include="ViewerEvent.cpp" />
    <ClCompile Include="ViewerFamily.cpp" />
    <ClCompile Include="main.cpp" />
    <ClCompile Include="Military.cpp" />
    <ClCompile Include="Player.cpp" />
    <ClCompile Include="Shot.cpp" />
    <ClCompile Include="Armoury.cpp" />
    <ClCompile Include="Viewer.cpp" />
    <ClCompile Include="ViewerArmoury.cpp" />
    <ClCompile Include="ViewerMilitary.cpp" />
    <ClCompile Include="ViewerStatus.cpp" />
    <ClCompile Include="ViewerStreet.cpp" />
    <ClCompile Include="Impact.cpp" />
    <ClCompile Include="ViewerDebug.cpp" />
    <ClCompile Include="Enemy.cpp">
      <Filter>Enemy</Filter>
    </ClCompile>
    <ClCompile Include="EnemyFaceAndHand.cpp">
      <Filter>Enemy</Filter>
    </ClCompile>
    <ClCompile Include="EnemyPurpleZombie.cpp">
      <Filter>Enemy</Filter>
    </ClCompile>
    <ClCompile Include="Pop.cpp">
      <Filter>Pop</Filter>
    </ClCompile>
    <ClCompile Include="PopFaceAndHand.cpp">
      <Filter>Pop</Filter>
    </ClCompile>
    <ClCompile Include="Popper.cpp">
      <Filter>Pop</Filter>
    </ClCompile>
    <ClCompile Include="PopPurpleZombie.cpp">
      <Filter>Pop</Filter>
    </ClCompile>
    <ClCompile Include="EnemyNoFace.cpp">
      <Filter>Enemy</Filter>
    </ClCompile>
    <ClCompile Include="PopNoFace.cpp">
      <Filter>Pop</Filter>
    </ClCompile>
    <ClCompile Include="PopLancer.cpp">
      <Filter>Pop</Filter>
    </ClCompile>
    <ClCompile Include="EnemyLancer.cpp">
      <Filter>Enemy</Filter>
    </ClCompile>
    <ClCompile Include="PopCrocoSnake.cpp">
      <Filter>Pop</Filter>
    </ClCompile>
    <ClCompile Include="PopGhoul.cpp">
      <Filter>Pop</Filter>
    </ClCompile>
    <ClCompile Include="EnemyCrocoSnake.cpp">
      <Filter>Enemy</Filter>
    </ClCompile>
    <ClCompile Include="EnemyGhoul.cpp">
      <Filter>Enemy</Filter>
    </ClCompile>
    <ClCompile Include="EnemyArcher.cpp">
      <Filter>Enemy</Filter>
    </ClCompile>
    <ClCompile Include="EnemyGhost.cpp">
      <Filter>Enemy</Filter>
    </ClCompile>
    <ClCompile Include="EnemyHand.cpp">
      <Filter>Enemy</Filter>
    </ClCompile>
    <ClCompile Include="EnemyNoNeckGhost.cpp">
      <Filter>Enemy</Filter>
    </ClCompile>
    <ClCompile Include="EnemyOneEyeSnake.cpp">
      <Filter>Enemy</Filter>
    </ClCompile>
    <ClCompile Include="EnemyRedBird.cpp">
      <Filter>Enemy</Filter>
    </ClCompile>
    <ClCompile Include="EnemyShishimai.cpp">
      <Filter>Enemy</Filter>
    </ClCompile>
    <ClCompile Include="EnemyShishimaiDemon.cpp">
      <Filter>Enemy</Filter>
    </ClCompile>
    <ClCompile Include="EnemyStoneFace.cpp">
      <Filter>Enemy</Filter>
    </ClCompile>
    <ClCompile Include="EnemyWhiteMist.cpp">
      <Filter>Enemy</Filter>
    </ClCompile>
    <ClCompile Include="PopArcher.cpp">
      <Filter>Pop</Filter>
    </ClCompile>
    <ClCompile Include="PopGhost.cpp">
      <Filter>Pop</Filter>
    </ClCompile>
    <ClCompile Include="PopHand.cpp">
      <Filter>Pop</Filter>
    </ClCompile>
    <ClCompile Include="PopNoNeckGhost.cpp">
      <Filter>Pop</Filter>
    </ClCompile>
    <ClCompile Include="PopOneEyeSnake.cpp">
      <Filter>Pop</Filter>
    </ClCompile>
    <ClCompile Include="PopRedBird.cpp">
      <Filter>Pop</Filter>
    </ClCompile>
    <ClCompile Include="PopShishimai.cpp">
      <Filter>Pop</Filter>
    </ClCompile>
    <ClCompile Include="PopShishimaiDemon.cpp">
      <Filter>Pop</Filter>
    </ClCompile>
    <ClCompile Include="PopStoneFace.cpp">
      <Filter>Pop</Filter>
    </ClCompile>
    <ClCompile Include="PopWhiteMist.cpp">
      <Filter>Pop</Filter>
    </ClCompile>
    <ClCompile Include="EnemyBlueMonk.cpp">
      <Filter>Enemy</Filter>
    </ClCompile>
    <ClCompile Include="PopBlueMonk.cpp">
      <Filter>Pop</Filter>
    </ClCompile>
    <ClCompile Include="EnemyGreenZombie.cpp">
      <Filter>Enemy</Filter>
    </ClCompile>
    <ClCompile Include="EnemySwampZombieA.cpp">
      <Filter>Enemy</Filter>
    </ClCompile>
    <ClCompile Include="EnemyHugDemon.cpp">
      <Filter>Enemy</Filter>
    </ClCompile>
    <ClCompile Include="PopGreenZombie.cpp">
      <Filter>Pop</Filter>
    </ClCompile>
    <ClCompile Include="PopHugDemon.cpp">
      <Filter>Pop</Filter>
    </ClCompile>
    <ClCompile Include="PopSwampZombieA.cpp">
      <Filter>Pop</Filter>
    </ClCompile>
    <ClCompile Include="EnemySwampZombieB.cpp">
      <Filter>Enemy</Filter>
    </ClCompile>
    <ClCompile Include="EnemySwampZombieC.cpp">
      <Filter>Enemy</Filter>
    </ClCompile>
    <ClCompile Include="PopSwampZombieC.cpp">
      <Filter>Pop</Filter>
    </ClCompile>
    <ClCompile Include="PopSwampZombieB.cpp">
      <Filter>Pop</Filter>
    </ClCompile>
    <ClCompile Include="MapEvent.cpp" />
    <ClCompile Include="EnemyBossRedDemon.cpp">
      <Filter>Boss</Filter>
    </ClCompile>
    <ClCompile Include="EnemyBoss.cpp">
      <Filter>Boss</Filter>
    </ClCompile>
    <ClCompile Include="EnemyLittleRedDemon.cpp" />
  </ItemGroup>
  <ItemGroup>
    <ClInclude Include="Character.h" />
    <ClInclude Include="Family.h" />
    <ClInclude Include="Map.h" />
    <ClInclude Include="ViewerEvent.h" />
    <ClInclude Include="ViewerFamily.h" />
    <ClInclude Include="Military.h" />
    <ClInclude Include="Player.h" />
    <ClInclude Include="Shot.h" />
    <ClInclude Include="Armoury.h" />
    <ClInclude Include="Viewer.h" />
    <ClInclude Include="ViewerArmoury.h" />
    <ClInclude Include="ViewerMilitary.h" />
    <ClInclude Include="ViewerStatus.h" />
    <ClInclude Include="ViewerStreet.h" />
    <ClInclude Include="Impact.h" />
    <ClInclude Include="ViewerDebug.h" />
    <ClInclude Include="Enemy.h">
      <Filter>Enemy</Filter>
    </ClInclude>
    <ClInclude Include="EnemyFaceAndHand.h">
      <Filter>Enemy</Filter>
    </ClInclude>
    <ClInclude Include="EnemyPurpleZombie.h">
      <Filter>Enemy</Filter>
    </ClInclude>
    <ClInclude Include="Pop.h">
      <Filter>Pop</Filter>
    </ClInclude>
    <ClInclude Include="PopFaceAndHand.h">
      <Filter>Pop</Filter>
    </ClInclude>
    <ClInclude Include="Popper.h">
      <Filter>Pop</Filter>
    </ClInclude>
    <ClInclude Include="PopPurpleZombie.h">
      <Filter>Pop</Filter>
    </ClInclude>
    <ClInclude Include="EnemyNoFace.h">
      <Filter>Enemy</Filter>
    </ClInclude>
    <ClInclude Include="PopNoFace.h">
      <Filter>Pop</Filter>
    </ClInclude>
    <ClInclude Include="PopLancer.h">
      <Filter>Pop</Filter>
    </ClInclude>
    <ClInclude Include="EnemyLancer.h">
      <Filter>Enemy</Filter>
    </ClInclude>
    <ClInclude Include="PopCrocoSnake.h">
      <Filter>Pop</Filter>
    </ClInclude>
    <ClInclude Include="PopGhoul.h">
      <Filter>Pop</Filter>
    </ClInclude>
    <ClInclude Include="EnemyCrocoSnake.h">
      <Filter>Enemy</Filter>
    </ClInclude>
    <ClInclude Include="EnemyGhoul.h">
      <Filter>Enemy</Filter>
    </ClInclude>
    <ClInclude Include="EnemyArcher.h">
      <Filter>Enemy</Filter>
    </ClInclude>
    <ClInclude Include="EnemyGhost.h">
      <Filter>Enemy</Filter>
    </ClInclude>
    <ClInclude Include="EnemyHand.h">
      <Filter>Enemy</Filter>
    </ClInclude>
    <ClInclude Include="EnemyNoNeckGhost.h">
      <Filter>Enemy</Filter>
    </ClInclude>
    <ClInclude Include="EnemyOneEyeSnake.h">
      <Filter>Enemy</Filter>
    </ClInclude>
    <ClInclude Include="EnemyRedBird.h">
      <Filter>Enemy</Filter>
    </ClInclude>
    <ClInclude Include="EnemyShishimai.h">
      <Filter>Enemy</Filter>
    </ClInclude>
    <ClInclude Include="EnemyShishimaiDemon.h">
      <Filter>Enemy</Filter>
    </ClInclude>
    <ClInclude Include="EnemyStoneFace.h">
      <Filter>Enemy</Filter>
    </ClInclude>
    <ClInclude Include="EnemyWhiteMist.h">
      <Filter>Enemy</Filter>
    </ClInclude>
    <ClInclude Include="PopArcher.h">
      <Filter>Pop</Filter>
    </ClInclude>
    <ClInclude Include="PopGhost.h">
      <Filter>Pop</Filter>
    </ClInclude>
    <ClInclude Include="PopHand.h">
      <Filter>Pop</Filter>
    </ClInclude>
    <ClInclude Include="PopNoNeckGhost.h">
      <Filter>Pop</Filter>
    </ClInclude>
    <ClInclude Include="PopOneEyeSnake.h">
      <Filter>Pop</Filter>
    </ClInclude>
    <ClInclude Include="PopRedBird.h">
      <Filter>Pop</Filter>
    </ClInclude>
    <ClInclude Include="PopShishimai.h">
      <Filter>Pop</Filter>
    </ClInclude>
    <ClInclude Include="PopShishimaiDemon.h">
      <Filter>Pop</Filter>
    </ClInclude>
    <ClInclude Include="PopStoneFace.h">
      <Filter>Pop</Filter>
    </ClInclude>
    <ClInclude Include="PopWhiteMist.h">
      <Filter>Pop</Filter>
    </ClInclude>
    <ClInclude Include="EnemyBlueMonk.h">
      <Filter>Enemy</Filter>
    </ClInclude>
    <ClInclude Include="PopBlueMonk.h">
      <Filter>Pop</Filter>
    </ClInclude>
    <ClInclude Include="EnemySwampZombieA.h">
      <Filter>Enemy</Filter>
    </ClInclude>
    <ClInclude Include="EnemyGreenZombie.h">
      <Filter>Enemy</Filter>
    </ClInclude>
    <ClInclude Include="EnemyHugDemon.h">
      <Filter>Enemy</Filter>
    </ClInclude>
    <ClInclude Include="PopGreenZombie.h">
      <Filter>Pop</Filter>
    </ClInclude>
    <ClInclude Include="PopSwampZombieA.h">
      <Filter>Pop</Filter>
    </ClInclude>
    <ClInclude Include="PopHugDemon.h">
      <Filter>Pop</Filter>
    </ClInclude>
    <ClInclude Include="EnemySwampZombieB.h">
      <Filter>Enemy</Filter>
    </ClInclude>
    <ClInclude Include="EnemySwampZombieC.h">
      <Filter>Enemy</Filter>
    </ClInclude>
    <ClInclude Include="PopSwampZombieC.h">
      <Filter>Pop</Filter>
    </ClInclude>
    <ClInclude Include="PopSwampZombieB.h">
      <Filter>Pop</Filter>
    </ClInclude>
    <ClInclude Include="MapEvent.h" />
    <ClInclude Include="EnemyBossRedDemon.h">
      <Filter>Boss</Filter>
    </ClInclude>
    <ClInclude Include="EnemyBoss.h">
      <Filter>Boss</Filter>
    </ClInclude>
    <ClInclude Include="EnemyLittleRedDemon.h" />
  </ItemGroup>
  <ItemGroup>
    <Filter Include="Pop">
      <UniqueIdentifier>{850afb85-911e-43b2-a175-64364fee8f68}</UniqueIdentifier>
    </Filter>
    <Filter Include="Enemy">
      <UniqueIdentifier>{a27163da-86d5-4ace-a4f8-ded400c8a1bd}</UniqueIdentifier>
    </Filter>
    <Filter Include="Boss">
      <UniqueIdentifier>{ac0a6380-7baf-4cac-a471-08c053d3e854}</UniqueIdentifier>
    </Filter>
  </ItemGroup>
</Project>