<?xml version="1.0" encoding="utf-8"?>
<Project ToolsVersion="4.0" xmlns="http://schemas.microsoft.com/developer/msbuild/2003">
  <ItemGroup>
    <ClCompile Include="main.cpp" />
    <ClCompile Include="RockCameraResult.cpp" />
    <ClCompile Include="RockMapResult.cpp" />
    <ClCompile Include="RockMilitaryResult.cpp" />
    <ClCompile Include="RockTheaterResult.cpp" />
  </ItemGroup>
  <ItemGroup>
    <ClInclude Include="RockCameraResult.h" />
    <ClInclude Include="RockMapResult.h" />
    <ClInclude Include="RockMilitaryResult.h" />
    <ClInclude Include="RockTheaterResult.h" />
  </ItemGroup>
</Project>