<?xml version="1.0" encoding="utf-8"?>
<Project ToolsVersion="4.0" xmlns="http://schemas.microsoft.com/developer/msbuild/2003">
  <ItemGroup>
    <ClCompile Include="main.cpp" />
    <ClCompile Include="StatusDrawer.cpp" />
    <ClCompile Include="StatusReceiver.cpp" />
    <ClCompile Include="RockViewer.cpp" />
    <ClCompile Include="RockCharacter.cpp" />
    <ClCompile Include="RockEnemy.cpp" />
    <ClCompile Include="RockEnemyGhost.cpp" />
    <ClCompile Include="RockMilitary.cpp" />
    <ClCompile Include="RockCamera.cpp" />
    <ClCompile Include="RockMap.cpp" />
    <ClCompile Include="RockDollHouse.cpp" />
    <ClCompile Include="RockEnemyRedBard.cpp" />
    <ClCompile Include="RockEnemyWaterGhost.cpp" />
  </ItemGroup>
  <ItemGroup>
    <ClInclude Include="StatusDrawer.h" />
    <ClInclude Include="StatusReceiver.h" />
    <ClInclude Include="RockViewer.h" />
    <ClInclude Include="RockCharacter.h" />
    <ClInclude Include="RockEnemy.h" />
    <ClInclude Include="RockEnemyGhost.h" />
    <ClInclude Include="RockMilitary.h" />
    <ClInclude Include="RockCamera.h" />
    <ClInclude Include="RockMap.h" />
    <ClInclude Include="RockDollHouse.h" />
    <ClInclude Include="RockEnemyRedBard.h" />
    <ClInclude Include="RockEnemyWaterGhost.h" />
  </ItemGroup>
</Project>