<?xml version="1.0" encoding="utf-8"?>
<Project ToolsVersion="4.0" xmlns="http://schemas.microsoft.com/developer/msbuild/2003">
  <ItemGroup>
    <ClCompile Include="main.cpp" />
    <ClCompile Include="StatusDrawer.cpp" />
    <ClCompile Include="RockMapTest.cpp" />
    <ClCompile Include="RockMilitaryTest.cpp" />
    <ClCompile Include="RockCameraTest.cpp" />
  </ItemGroup>
  <ItemGroup>
    <ClInclude Include="StatusDrawer.h" />
    <ClInclude Include="RockMapTest.h" />
    <ClInclude Include="RockMilitaryTest.h" />
    <ClInclude Include="RockCameraTest.h" />
  </ItemGroup>
</Project>